// !$*UTF8*$!
{
	archiveVersion = 1;
	classes = {
	};
	objectVersion = 46;
	objects = {

/* Begin PBXBuildFile section */
		5A0401B31AE12A690024E1A5 /* blackArrow.png in Resources */ = {isa = PBXBuildFile; fileRef = 5A0401AB1AE12A690024E1A5 /* blackArrow.png */; };
		5A0401B41AE12A690024E1A5 /* blackArrow@2x.png in Resources */ = {isa = PBXBuildFile; fileRef = 5A0401AC1AE12A690024E1A5 /* blackArrow@2x.png */; };
		5A0401B51AE12A690024E1A5 /* blueArrow.png in Resources */ = {isa = PBXBuildFile; fileRef = 5A0401AD1AE12A690024E1A5 /* blueArrow.png */; };
		5A0401B61AE12A690024E1A5 /* blueArrow@2x.png in Resources */ = {isa = PBXBuildFile; fileRef = 5A0401AE1AE12A690024E1A5 /* blueArrow@2x.png */; };
		5A0401B71AE12A690024E1A5 /* grayArrow.png in Resources */ = {isa = PBXBuildFile; fileRef = 5A0401AF1AE12A690024E1A5 /* grayArrow.png */; };
		5A0401B81AE12A690024E1A5 /* grayArrow@2x.png in Resources */ = {isa = PBXBuildFile; fileRef = 5A0401B01AE12A690024E1A5 /* grayArrow@2x.png */; };
		5A0401B91AE12A690024E1A5 /* whiteArrow.png in Resources */ = {isa = PBXBuildFile; fileRef = 5A0401B11AE12A690024E1A5 /* whiteArrow.png */; };
		5A0401BA1AE12A690024E1A5 /* whiteArrow@2x.png in Resources */ = {isa = PBXBuildFile; fileRef = 5A0401B21AE12A690024E1A5 /* whiteArrow@2x.png */; };
		5A0401BE1AE12AB70024E1A5 /* EGORefreshTableHeaderView.m in Sources */ = {isa = PBXBuildFile; fileRef = 5A0401BD1AE12AB70024E1A5 /* EGORefreshTableHeaderView.m */; };
		5A0401E11AE137680024E1A5 /* MKAnnotationView+WebCache.m in Sources */ = {isa = PBXBuildFile; fileRef = 5A0401C11AE137680024E1A5 /* MKAnnotationView+WebCache.m */; };
		5A0401E21AE137680024E1A5 /* NSData+ImageContentType.m in Sources */ = {isa = PBXBuildFile; fileRef = 5A0401C31AE137680024E1A5 /* NSData+ImageContentType.m */; };
		5A0401E31AE137680024E1A5 /* SDImageCache.m in Sources */ = {isa = PBXBuildFile; fileRef = 5A0401C51AE137680024E1A5 /* SDImageCache.m */; };
		5A0401E41AE137680024E1A5 /* SDWebImageCompat.m in Sources */ = {isa = PBXBuildFile; fileRef = 5A0401C71AE137680024E1A5 /* SDWebImageCompat.m */; };
		5A0401E51AE137680024E1A5 /* SDWebImageDecoder.m in Sources */ = {isa = PBXBuildFile; fileRef = 5A0401C91AE137680024E1A5 /* SDWebImageDecoder.m */; };
		5A0401E61AE137680024E1A5 /* SDWebImageDownloader.m in Sources */ = {isa = PBXBuildFile; fileRef = 5A0401CB1AE137680024E1A5 /* SDWebImageDownloader.m */; };
		5A0401E71AE137680024E1A5 /* SDWebImageDownloaderOperation.m in Sources */ = {isa = PBXBuildFile; fileRef = 5A0401CD1AE137680024E1A5 /* SDWebImageDownloaderOperation.m */; };
		5A0401E81AE137680024E1A5 /* SDWebImageManager.m in Sources */ = {isa = PBXBuildFile; fileRef = 5A0401CF1AE137680024E1A5 /* SDWebImageManager.m */; };
		5A0401E91AE137680024E1A5 /* SDWebImagePrefetcher.m in Sources */ = {isa = PBXBuildFile; fileRef = 5A0401D21AE137680024E1A5 /* SDWebImagePrefetcher.m */; };
		5A0401EA1AE137680024E1A5 /* UIButton+WebCache.m in Sources */ = {isa = PBXBuildFile; fileRef = 5A0401D41AE137680024E1A5 /* UIButton+WebCache.m */; };
		5A0401EB1AE137680024E1A5 /* UIImage+GIF.m in Sources */ = {isa = PBXBuildFile; fileRef = 5A0401D61AE137680024E1A5 /* UIImage+GIF.m */; };
		5A0401EC1AE137680024E1A5 /* UIImage+MultiFormat.m in Sources */ = {isa = PBXBuildFile; fileRef = 5A0401D81AE137680024E1A5 /* UIImage+MultiFormat.m */; };
		5A0401ED1AE137680024E1A5 /* UIImage+WebP.m in Sources */ = {isa = PBXBuildFile; fileRef = 5A0401DA1AE137680024E1A5 /* UIImage+WebP.m */; };
		5A0401EE1AE137680024E1A5 /* UIImageView+HighlightedWebCache.m in Sources */ = {isa = PBXBuildFile; fileRef = 5A0401DC1AE137680024E1A5 /* UIImageView+HighlightedWebCache.m */; };
		5A0401EF1AE137680024E1A5 /* UIImageView+WebCache.m in Sources */ = {isa = PBXBuildFile; fileRef = 5A0401DE1AE137680024E1A5 /* UIImageView+WebCache.m */; };
		5A0401F01AE137680024E1A5 /* UIView+WebCacheOperation.m in Sources */ = {isa = PBXBuildFile; fileRef = 5A0401E01AE137680024E1A5 /* UIView+WebCacheOperation.m */; };
		5A0401F31AE137DF0024E1A5 /* placeholder.png in Resources */ = {isa = PBXBuildFile; fileRef = 5A0401F11AE137DF0024E1A5 /* placeholder.png */; };
		5A0401F41AE137DF0024E1A5 /* placeholder@2x.png in Resources */ = {isa = PBXBuildFile; fileRef = 5A0401F21AE137DF0024E1A5 /* placeholder@2x.png */; };
		5A49CD921ACC2D5300111AEC /* bg_023@2x.png in Resources */ = {isa = PBXBuildFile; fileRef = 5A49CD871ACC2D5300111AEC /* bg_023@2x.png */; };
		5A49CD931ACC2D5300111AEC /* btn_020.disable@2x.png in Resources */ = {isa = PBXBuildFile; fileRef = 5A49CD881ACC2D5300111AEC /* btn_020.disable@2x.png */; };
		5A49CD941ACC2D5300111AEC /* btn_020.press@2x.png in Resources */ = {isa = PBXBuildFile; fileRef = 5A49CD891ACC2D5300111AEC /* btn_020.press@2x.png */; };
		5A49CD951ACC2D5300111AEC /* btn_020@2x.png in Resources */ = {isa = PBXBuildFile; fileRef = 5A49CD8A1ACC2D5300111AEC /* btn_020@2x.png */; };
		5A49CD961ACC2D5300111AEC /* btn_021.disable@2x.png in Resources */ = {isa = PBXBuildFile; fileRef = 5A49CD8B1ACC2D5300111AEC /* btn_021.disable@2x.png */; };
		5A49CD971ACC2D5300111AEC /* btn_021.press@2x.png in Resources */ = {isa = PBXBuildFile; fileRef = 5A49CD8C1ACC2D5300111AEC /* btn_021.press@2x.png */; };
		5A49CD981ACC2D5300111AEC /* btn_021@2x.png in Resources */ = {isa = PBXBuildFile; fileRef = 5A49CD8D1ACC2D5300111AEC /* btn_021@2x.png */; };
		5A49CD991ACC2D5300111AEC /* select_city@2x.png in Resources */ = {isa = PBXBuildFile; fileRef = 5A49CD8E1ACC2D5300111AEC /* select_city@2x.png */; };
		5A49CD9A1ACC2D5300111AEC /* location_yes1@2x.png in Resources */ = {isa = PBXBuildFile; fileRef = 5A49CD8F1ACC2D5300111AEC /* location_yes1@2x.png */; };
		5A49CD9B1ACC2D5300111AEC /* search@2x.png in Resources */ = {isa = PBXBuildFile; fileRef = 5A49CD901ACC2D5300111AEC /* search@2x.png */; };
		5A49CD9C1ACC2D5300111AEC /* location_no1@2x.png in Resources */ = {isa = PBXBuildFile; fileRef = 5A49CD911ACC2D5300111AEC /* location_no1@2x.png */; };
		5A49CDA41ACC2DE300111AEC /* ProvincesAndCities.plist in Resources */ = {isa = PBXBuildFile; fileRef = 5A49CD9E1ACC2DE300111AEC /* ProvincesAndCities.plist */; };
		5A49CDA51ACC2DE300111AEC /* TSLocateView.m in Sources */ = {isa = PBXBuildFile; fileRef = 5A49CDA01ACC2DE300111AEC /* TSLocateView.m */; };
		5A49CDA61ACC2DE300111AEC /* TSLocateView.xib in Resources */ = {isa = PBXBuildFile; fileRef = 5A49CDA11ACC2DE300111AEC /* TSLocateView.xib */; };
		5A49CDA71ACC2DE300111AEC /* TSLocation.m in Sources */ = {isa = PBXBuildFile; fileRef = 5A49CDA31ACC2DE300111AEC /* TSLocation.m */; };
		5A49CDA91ACC2E0A00111AEC /* AMapSearchKit.framework in Frameworks */ = {isa = PBXBuildFile; fileRef = 5A49CDA81ACC2E0A00111AEC /* AMapSearchKit.framework */; };
		5A49CDAB1ACC2E1700111AEC /* MAMapKit.framework in Frameworks */ = {isa = PBXBuildFile; fileRef = 5A49CDAA1ACC2E1700111AEC /* MAMapKit.framework */; };
		5A49CDAD1ACC2E3A00111AEC /* QuartzCore.framework in Frameworks */ = {isa = PBXBuildFile; fileRef = 5A49CDAC1ACC2E3A00111AEC /* QuartzCore.framework */; };
		5A49CDAF1ACC2E4200111AEC /* OpenGLES.framework in Frameworks */ = {isa = PBXBuildFile; fileRef = 5A49CDAE1ACC2E4200111AEC /* OpenGLES.framework */; };
		5A49CDB11ACC2E4D00111AEC /* CoreLocation.framework in Frameworks */ = {isa = PBXBuildFile; fileRef = 5A49CDB01ACC2E4D00111AEC /* CoreLocation.framework */; };
		5A49CDB31ACC2E5400111AEC /* CoreTelephony.framework in Frameworks */ = {isa = PBXBuildFile; fileRef = 5A49CDB21ACC2E5400111AEC /* CoreTelephony.framework */; };
		5A49CDB51ACC2E5C00111AEC /* SystemConfiguration.framework in Frameworks */ = {isa = PBXBuildFile; fileRef = 5A49CDB41ACC2E5C00111AEC /* SystemConfiguration.framework */; };
		5A49CDB71ACC2E6500111AEC /* libz.dylib in Frameworks */ = {isa = PBXBuildFile; fileRef = 5A49CDB61ACC2E6500111AEC /* libz.dylib */; };
		5A49CDB91ACC2E6E00111AEC /* libstdc++.6.0.9.dylib in Frameworks */ = {isa = PBXBuildFile; fileRef = 5A49CDB81ACC2E6E00111AEC /* libstdc++.6.0.9.dylib */; };
		5A49CDBB1ACC2E7600111AEC /* Security.framework in Frameworks */ = {isa = PBXBuildFile; fileRef = 5A49CDBA1ACC2E7600111AEC /* Security.framework */; };
		5A49CDBD1ACC2E8A00111AEC /* AMap.bundle in Resources */ = {isa = PBXBuildFile; fileRef = 5A49CDBC1ACC2E8A00111AEC /* AMap.bundle */; };
		5A49CDC41ACE756C00111AEC /* CPSafePush.m in Sources */ = {isa = PBXBuildFile; fileRef = 5A49CDC31ACE756C00111AEC /* CPSafePush.m */; };
		5A49CDC91ACE80FB00111AEC /* libUMessage_Sdk_1.1.0.a in Frameworks */ = {isa = PBXBuildFile; fileRef = 5A49CDC71ACE80FB00111AEC /* libUMessage_Sdk_1.1.0.a */; };
		5A49CDCC1AD4296500111AEC /* CPSafeSetting.m in Sources */ = {isa = PBXBuildFile; fileRef = 5A49CDCB1AD4296500111AEC /* CPSafeSetting.m */; };
		5A9281561AC5578900C5E0F8 /* AFHTTPRequestOperation.m in Sources */ = {isa = PBXBuildFile; fileRef = 5A9281441AC5578900C5E0F8 /* AFHTTPRequestOperation.m */; };
		5A9281571AC5578900C5E0F8 /* AFHTTPRequestOperationManager.m in Sources */ = {isa = PBXBuildFile; fileRef = 5A9281461AC5578900C5E0F8 /* AFHTTPRequestOperationManager.m */; };
		5A9281581AC5578900C5E0F8 /* AFHTTPSessionManager.m in Sources */ = {isa = PBXBuildFile; fileRef = 5A9281481AC5578900C5E0F8 /* AFHTTPSessionManager.m */; };
		5A9281591AC5578900C5E0F8 /* AFNetworkReachabilityManager.m in Sources */ = {isa = PBXBuildFile; fileRef = 5A92814B1AC5578900C5E0F8 /* AFNetworkReachabilityManager.m */; };
		5A92815A1AC5578900C5E0F8 /* AFSecurityPolicy.m in Sources */ = {isa = PBXBuildFile; fileRef = 5A92814D1AC5578900C5E0F8 /* AFSecurityPolicy.m */; };
		5A92815B1AC5578900C5E0F8 /* AFURLConnectionOperation.m in Sources */ = {isa = PBXBuildFile; fileRef = 5A92814F1AC5578900C5E0F8 /* AFURLConnectionOperation.m */; };
		5A92815C1AC5578900C5E0F8 /* AFURLRequestSerialization.m in Sources */ = {isa = PBXBuildFile; fileRef = 5A9281511AC5578900C5E0F8 /* AFURLRequestSerialization.m */; };
		5A92815D1AC5578900C5E0F8 /* AFURLResponseSerialization.m in Sources */ = {isa = PBXBuildFile; fileRef = 5A9281531AC5578900C5E0F8 /* AFURLResponseSerialization.m */; };
		5A92815E1AC5578900C5E0F8 /* AFURLSessionManager.m in Sources */ = {isa = PBXBuildFile; fileRef = 5A9281551AC5578900C5E0F8 /* AFURLSessionManager.m */; };
		5A9281641AC5602F00C5E0F8 /* CPSafeNetWorkOp.m in Sources */ = {isa = PBXBuildFile; fileRef = 5A9281631AC5602F00C5E0F8 /* CPSafeNetWorkOp.m */; };
		5AB2CDB51AC3AD7100EF0686 /* CPSafeNewsMain.m in Sources */ = {isa = PBXBuildFile; fileRef = 5AB2CDB41AC3AD7100EF0686 /* CPSafeNewsMain.m */; };
		5AB2CDB91AC3AF3700EF0686 /* CPSafeCoreData.m in Sources */ = {isa = PBXBuildFile; fileRef = 5AB2CDB81AC3AF3700EF0686 /* CPSafeCoreData.m */; };
		5AB2CDC01AC3DC4600EF0686 /* NewsItem.m in Sources */ = {isa = PBXBuildFile; fileRef = 5AB2CDBF1AC3DC4600EF0686 /* NewsItem.m */; };
		5AB2CDC61AC3E4DA00EF0686 /* CPSafeWebViewViewController.m in Sources */ = {isa = PBXBuildFile; fileRef = 5AB2CDC41AC3E4DA00EF0686 /* CPSafeWebViewViewController.m */; };
		5AB2CDC71AC3E4DA00EF0686 /* CPSafeWebViewViewController.xib in Resources */ = {isa = PBXBuildFile; fileRef = 5AB2CDC51AC3E4DA00EF0686 /* CPSafeWebViewViewController.xib */; };
		5AB2CDD11AC41F9600EF0686 /* QRCameraSwitchButton.m in Sources */ = {isa = PBXBuildFile; fileRef = 5AB2CDCB1AC41F9600EF0686 /* QRCameraSwitchButton.m */; };
		5AB2CDD21AC41F9600EF0686 /* QRCodeReaderView.m in Sources */ = {isa = PBXBuildFile; fileRef = 5AB2CDCE1AC41F9600EF0686 /* QRCodeReaderView.m */; };
		5AB2CDD31AC41F9600EF0686 /* QRCodeReaderViewController.m in Sources */ = {isa = PBXBuildFile; fileRef = 5AB2CDD01AC41F9600EF0686 /* QRCodeReaderViewController.m */; };
		5AB2CDE71AC431F500EF0686 /* CPSafeMap.m in Sources */ = {isa = PBXBuildFile; fileRef = 5AB2CDE61AC431F500EF0686 /* CPSafeMap.m */; };
		5AB2CDEC1AC4F7B100EF0686 /* CPSafeFeedback.m in Sources */ = {isa = PBXBuildFile; fileRef = 5AB2CDEA1AC4F7B100EF0686 /* CPSafeFeedback.m */; };
		5AB2CDED1AC4F7B100EF0686 /* CPSafeFeedback.xib in Resources */ = {isa = PBXBuildFile; fileRef = 5AB2CDEB1AC4F7B100EF0686 /* CPSafeFeedback.xib */; };
		5AB2CDF31AC503A000EF0686 /* CPSafeAboutus.m in Sources */ = {isa = PBXBuildFile; fileRef = 5AB2CDF11AC503A000EF0686 /* CPSafeAboutus.m */; };
		5AB2CDF41AC503A000EF0686 /* CPSafeAboutus.xib in Resources */ = {isa = PBXBuildFile; fileRef = 5AB2CDF21AC503A000EF0686 /* CPSafeAboutus.xib */; };
		5AC4B6561AC3029C0081A8E6 /* Foundation.framework in Frameworks */ = {isa = PBXBuildFile; fileRef = 5AC4B6551AC3029C0081A8E6 /* Foundation.framework */; };
		5AC4B6581AC3029C0081A8E6 /* CoreGraphics.framework in Frameworks */ = {isa = PBXBuildFile; fileRef = 5AC4B6571AC3029C0081A8E6 /* CoreGraphics.framework */; };
		5AC4B65A1AC3029C0081A8E6 /* UIKit.framework in Frameworks */ = {isa = PBXBuildFile; fileRef = 5AC4B6591AC3029C0081A8E6 /* UIKit.framework */; };
		5AC4B6601AC3029C0081A8E6 /* InfoPlist.strings in Resources */ = {isa = PBXBuildFile; fileRef = 5AC4B65E1AC3029C0081A8E6 /* InfoPlist.strings */; };
		5AC4B6621AC3029C0081A8E6 /* main.m in Sources */ = {isa = PBXBuildFile; fileRef = 5AC4B6611AC3029C0081A8E6 /* main.m */; };
		5AC4B6661AC3029C0081A8E6 /* CPSafeAppDelegate.m in Sources */ = {isa = PBXBuildFile; fileRef = 5AC4B6651AC3029C0081A8E6 /* CPSafeAppDelegate.m */; };
		5AC4B6691AC3029C0081A8E6 /* Main.storyboard in Resources */ = {isa = PBXBuildFile; fileRef = 5AC4B6671AC3029C0081A8E6 /* Main.storyboard */; };
		5AC4B66C1AC3029C0081A8E6 /* CPSafeViewController.m in Sources */ = {isa = PBXBuildFile; fileRef = 5AC4B66B1AC3029C0081A8E6 /* CPSafeViewController.m */; };
		5AC4B66E1AC3029C0081A8E6 /* Images.xcassets in Resources */ = {isa = PBXBuildFile; fileRef = 5AC4B66D1AC3029C0081A8E6 /* Images.xcassets */; };
		5AC4B6751AC3029C0081A8E6 /* XCTest.framework in Frameworks */ = {isa = PBXBuildFile; fileRef = 5AC4B6741AC3029C0081A8E6 /* XCTest.framework */; };
		5AC4B6761AC3029C0081A8E6 /* Foundation.framework in Frameworks */ = {isa = PBXBuildFile; fileRef = 5AC4B6551AC3029C0081A8E6 /* Foundation.framework */; };
		5AC4B6771AC3029C0081A8E6 /* UIKit.framework in Frameworks */ = {isa = PBXBuildFile; fileRef = 5AC4B6591AC3029C0081A8E6 /* UIKit.framework */; };
		5AC4B67F1AC3029C0081A8E6 /* InfoPlist.strings in Resources */ = {isa = PBXBuildFile; fileRef = 5AC4B67D1AC3029C0081A8E6 /* InfoPlist.strings */; };
		5AC4B6811AC3029C0081A8E6 /* CPTraceTests.m in Sources */ = {isa = PBXBuildFile; fileRef = 5AC4B6801AC3029C0081A8E6 /* CPTraceTests.m */; };
		5AC4B68B1AC302BF0081A8E6 /* CoreData.framework in Frameworks */ = {isa = PBXBuildFile; fileRef = 5AC4B68A1AC302BF0081A8E6 /* CoreData.framework */; };
		5AC4B6CF1AC303760081A8E6 /* CPTrace.xcdatamodeld in Sources */ = {isa = PBXBuildFile; fileRef = 5AC4B6CD1AC303760081A8E6 /* CPTrace.xcdatamodeld */; };
/* End PBXBuildFile section */

/* Begin PBXContainerItemProxy section */
		5AC4B6781AC3029C0081A8E6 /* PBXContainerItemProxy */ = {
			isa = PBXContainerItemProxy;
			containerPortal = 5AC4B64A1AC3029C0081A8E6 /* Project object */;
			proxyType = 1;
			remoteGlobalIDString = 5AC4B6511AC3029C0081A8E6;
			remoteInfo = CPTrace;
		};
/* End PBXContainerItemProxy section */

/* Begin PBXFileReference section */
		5A0401AB1AE12A690024E1A5 /* blackArrow.png */ = {isa = PBXFileReference; lastKnownFileType = image.png; path = blackArrow.png; sourceTree = "<group>"; };
		5A0401AC1AE12A690024E1A5 /* blackArrow@2x.png */ = {isa = PBXFileReference; lastKnownFileType = image.png; path = "blackArrow@2x.png"; sourceTree = "<group>"; };
		5A0401AD1AE12A690024E1A5 /* blueArrow.png */ = {isa = PBXFileReference; lastKnownFileType = image.png; path = blueArrow.png; sourceTree = "<group>"; };
		5A0401AE1AE12A690024E1A5 /* blueArrow@2x.png */ = {isa = PBXFileReference; lastKnownFileType = image.png; path = "blueArrow@2x.png"; sourceTree = "<group>"; };
		5A0401AF1AE12A690024E1A5 /* grayArrow.png */ = {isa = PBXFileReference; lastKnownFileType = image.png; path = grayArrow.png; sourceTree = "<group>"; };
		5A0401B01AE12A690024E1A5 /* grayArrow@2x.png */ = {isa = PBXFileReference; lastKnownFileType = image.png; path = "grayArrow@2x.png"; sourceTree = "<group>"; };
		5A0401B11AE12A690024E1A5 /* whiteArrow.png */ = {isa = PBXFileReference; lastKnownFileType = image.png; path = whiteArrow.png; sourceTree = "<group>"; };
		5A0401B21AE12A690024E1A5 /* whiteArrow@2x.png */ = {isa = PBXFileReference; lastKnownFileType = image.png; path = "whiteArrow@2x.png"; sourceTree = "<group>"; };
		5A0401BC1AE12AB70024E1A5 /* EGORefreshTableHeaderView.h */ = {isa = PBXFileReference; fileEncoding = 4; lastKnownFileType = sourcecode.c.h; path = EGORefreshTableHeaderView.h; sourceTree = "<group>"; };
		5A0401BD1AE12AB70024E1A5 /* EGORefreshTableHeaderView.m */ = {isa = PBXFileReference; fileEncoding = 4; lastKnownFileType = sourcecode.c.objc; path = EGORefreshTableHeaderView.m; sourceTree = "<group>"; };
		5A0401C01AE137680024E1A5 /* MKAnnotationView+WebCache.h */ = {isa = PBXFileReference; fileEncoding = 4; lastKnownFileType = sourcecode.c.h; path = "MKAnnotationView+WebCache.h"; sourceTree = "<group>"; };
		5A0401C11AE137680024E1A5 /* MKAnnotationView+WebCache.m */ = {isa = PBXFileReference; fileEncoding = 4; lastKnownFileType = sourcecode.c.objc; path = "MKAnnotationView+WebCache.m"; sourceTree = "<group>"; };
		5A0401C21AE137680024E1A5 /* NSData+ImageContentType.h */ = {isa = PBXFileReference; fileEncoding = 4; lastKnownFileType = sourcecode.c.h; path = "NSData+ImageContentType.h"; sourceTree = "<group>"; };
		5A0401C31AE137680024E1A5 /* NSData+ImageContentType.m */ = {isa = PBXFileReference; fileEncoding = 4; lastKnownFileType = sourcecode.c.objc; path = "NSData+ImageContentType.m"; sourceTree = "<group>"; };
		5A0401C41AE137680024E1A5 /* SDImageCache.h */ = {isa = PBXFileReference; fileEncoding = 4; lastKnownFileType = sourcecode.c.h; path = SDImageCache.h; sourceTree = "<group>"; };
		5A0401C51AE137680024E1A5 /* SDImageCache.m */ = {isa = PBXFileReference; fileEncoding = 4; lastKnownFileType = sourcecode.c.objc; path = SDImageCache.m; sourceTree = "<group>"; };
		5A0401C61AE137680024E1A5 /* SDWebImageCompat.h */ = {isa = PBXFileReference; fileEncoding = 4; lastKnownFileType = sourcecode.c.h; path = SDWebImageCompat.h; sourceTree = "<group>"; };
		5A0401C71AE137680024E1A5 /* SDWebImageCompat.m */ = {isa = PBXFileReference; fileEncoding = 4; lastKnownFileType = sourcecode.c.objc; path = SDWebImageCompat.m; sourceTree = "<group>"; };
		5A0401C81AE137680024E1A5 /* SDWebImageDecoder.h */ = {isa = PBXFileReference; fileEncoding = 4; lastKnownFileType = sourcecode.c.h; path = SDWebImageDecoder.h; sourceTree = "<group>"; };
		5A0401C91AE137680024E1A5 /* SDWebImageDecoder.m */ = {isa = PBXFileReference; fileEncoding = 4; lastKnownFileType = sourcecode.c.objc; path = SDWebImageDecoder.m; sourceTree = "<group>"; };
		5A0401CA1AE137680024E1A5 /* SDWebImageDownloader.h */ = {isa = PBXFileReference; fileEncoding = 4; lastKnownFileType = sourcecode.c.h; path = SDWebImageDownloader.h; sourceTree = "<group>"; };
		5A0401CB1AE137680024E1A5 /* SDWebImageDownloader.m */ = {isa = PBXFileReference; fileEncoding = 4; lastKnownFileType = sourcecode.c.objc; path = SDWebImageDownloader.m; sourceTree = "<group>"; };
		5A0401CC1AE137680024E1A5 /* SDWebImageDownloaderOperation.h */ = {isa = PBXFileReference; fileEncoding = 4; lastKnownFileType = sourcecode.c.h; path = SDWebImageDownloaderOperation.h; sourceTree = "<group>"; };
		5A0401CD1AE137680024E1A5 /* SDWebImageDownloaderOperation.m */ = {isa = PBXFileReference; fileEncoding = 4; lastKnownFileType = sourcecode.c.objc; path = SDWebImageDownloaderOperation.m; sourceTree = "<group>"; };
		5A0401CE1AE137680024E1A5 /* SDWebImageManager.h */ = {isa = PBXFileReference; fileEncoding = 4; lastKnownFileType = sourcecode.c.h; path = SDWebImageManager.h; sourceTree = "<group>"; };
		5A0401CF1AE137680024E1A5 /* SDWebImageManager.m */ = {isa = PBXFileReference; fileEncoding = 4; lastKnownFileType = sourcecode.c.objc; path = SDWebImageManager.m; sourceTree = "<group>"; };
		5A0401D01AE137680024E1A5 /* SDWebImageOperation.h */ = {isa = PBXFileReference; fileEncoding = 4; lastKnownFileType = sourcecode.c.h; path = SDWebImageOperation.h; sourceTree = "<group>"; };
		5A0401D11AE137680024E1A5 /* SDWebImagePrefetcher.h */ = {isa = PBXFileReference; fileEncoding = 4; lastKnownFileType = sourcecode.c.h; path = SDWebImagePrefetcher.h; sourceTree = "<group>"; };
		5A0401D21AE137680024E1A5 /* SDWebImagePrefetcher.m */ = {isa = PBXFileReference; fileEncoding = 4; lastKnownFileType = sourcecode.c.objc; path = SDWebImagePrefetcher.m; sourceTree = "<group>"; };
		5A0401D31AE137680024E1A5 /* UIButton+WebCache.h */ = {isa = PBXFileReference; fileEncoding = 4; lastKnownFileType = sourcecode.c.h; path = "UIButton+WebCache.h"; sourceTree = "<group>"; };
		5A0401D41AE137680024E1A5 /* UIButton+WebCache.m */ = {isa = PBXFileReference; fileEncoding = 4; lastKnownFileType = sourcecode.c.objc; path = "UIButton+WebCache.m"; sourceTree = "<group>"; };
		5A0401D51AE137680024E1A5 /* UIImage+GIF.h */ = {isa = PBXFileReference; fileEncoding = 4; lastKnownFileType = sourcecode.c.h; path = "UIImage+GIF.h"; sourceTree = "<group>"; };
		5A0401D61AE137680024E1A5 /* UIImage+GIF.m */ = {isa = PBXFileReference; fileEncoding = 4; lastKnownFileType = sourcecode.c.objc; path = "UIImage+GIF.m"; sourceTree = "<group>"; };
		5A0401D71AE137680024E1A5 /* UIImage+MultiFormat.h */ = {isa = PBXFileReference; fileEncoding = 4; lastKnownFileType = sourcecode.c.h; path = "UIImage+MultiFormat.h"; sourceTree = "<group>"; };
		5A0401D81AE137680024E1A5 /* UIImage+MultiFormat.m */ = {isa = PBXFileReference; fileEncoding = 4; lastKnownFileType = sourcecode.c.objc; path = "UIImage+MultiFormat.m"; sourceTree = "<group>"; };
		5A0401D91AE137680024E1A5 /* UIImage+WebP.h */ = {isa = PBXFileReference; fileEncoding = 4; lastKnownFileType = sourcecode.c.h; path = "UIImage+WebP.h"; sourceTree = "<group>"; };
		5A0401DA1AE137680024E1A5 /* UIImage+WebP.m */ = {isa = PBXFileReference; fileEncoding = 4; lastKnownFileType = sourcecode.c.objc; path = "UIImage+WebP.m"; sourceTree = "<group>"; };
		5A0401DB1AE137680024E1A5 /* UIImageView+HighlightedWebCache.h */ = {isa = PBXFileReference; fileEncoding = 4; lastKnownFileType = sourcecode.c.h; path = "UIImageView+HighlightedWebCache.h"; sourceTree = "<group>"; };
		5A0401DC1AE137680024E1A5 /* UIImageView+HighlightedWebCache.m */ = {isa = PBXFileReference; fileEncoding = 4; lastKnownFileType = sourcecode.c.objc; path = "UIImageView+HighlightedWebCache.m"; sourceTree = "<group>"; };
		5A0401DD1AE137680024E1A5 /* UIImageView+WebCache.h */ = {isa = PBXFileReference; fileEncoding = 4; lastKnownFileType = sourcecode.c.h; path = "UIImageView+WebCache.h"; sourceTree = "<group>"; };
		5A0401DE1AE137680024E1A5 /* UIImageView+WebCache.m */ = {isa = PBXFileReference; fileEncoding = 4; lastKnownFileType = sourcecode.c.objc; path = "UIImageView+WebCache.m"; sourceTree = "<group>"; };
		5A0401DF1AE137680024E1A5 /* UIView+WebCacheOperation.h */ = {isa = PBXFileReference; fileEncoding = 4; lastKnownFileType = sourcecode.c.h; path = "UIView+WebCacheOperation.h"; sourceTree = "<group>"; };
		5A0401E01AE137680024E1A5 /* UIView+WebCacheOperation.m */ = {isa = PBXFileReference; fileEncoding = 4; lastKnownFileType = sourcecode.c.objc; path = "UIView+WebCacheOperation.m"; sourceTree = "<group>"; };
		5A0401F11AE137DF0024E1A5 /* placeholder.png */ = {isa = PBXFileReference; lastKnownFileType = image.png; path = placeholder.png; sourceTree = "<group>"; };
		5A0401F21AE137DF0024E1A5 /* placeholder@2x.png */ = {isa = PBXFileReference; lastKnownFileType = image.png; path = "placeholder@2x.png"; sourceTree = "<group>"; };
		5A49CD871ACC2D5300111AEC /* bg_023@2x.png */ = {isa = PBXFileReference; lastKnownFileType = image.png; path = "bg_023@2x.png"; sourceTree = "<group>"; };
		5A49CD881ACC2D5300111AEC /* btn_020.disable@2x.png */ = {isa = PBXFileReference; lastKnownFileType = image.png; path = "btn_020.disable@2x.png"; sourceTree = "<group>"; };
		5A49CD891ACC2D5300111AEC /* btn_020.press@2x.png */ = {isa = PBXFileReference; lastKnownFileType = image.png; path = "btn_020.press@2x.png"; sourceTree = "<group>"; };
		5A49CD8A1ACC2D5300111AEC /* btn_020@2x.png */ = {isa = PBXFileReference; lastKnownFileType = image.png; path = "btn_020@2x.png"; sourceTree = "<group>"; };
		5A49CD8B1ACC2D5300111AEC /* btn_021.disable@2x.png */ = {isa = PBXFileReference; lastKnownFileType = image.png; path = "btn_021.disable@2x.png"; sourceTree = "<group>"; };
		5A49CD8C1ACC2D5300111AEC /* btn_021.press@2x.png */ = {isa = PBXFileReference; lastKnownFileType = image.png; path = "btn_021.press@2x.png"; sourceTree = "<group>"; };
		5A49CD8D1ACC2D5300111AEC /* btn_021@2x.png */ = {isa = PBXFileReference; lastKnownFileType = image.png; path = "btn_021@2x.png"; sourceTree = "<group>"; };
		5A49CD8E1ACC2D5300111AEC /* select_city@2x.png */ = {isa = PBXFileReference; lastKnownFileType = image.png; path = "select_city@2x.png"; sourceTree = "<group>"; };
		5A49CD8F1ACC2D5300111AEC /* location_yes1@2x.png */ = {isa = PBXFileReference; lastKnownFileType = image.png; path = "location_yes1@2x.png"; sourceTree = "<group>"; };
		5A49CD901ACC2D5300111AEC /* search@2x.png */ = {isa = PBXFileReference; lastKnownFileType = image.png; path = "search@2x.png"; sourceTree = "<group>"; };
		5A49CD911ACC2D5300111AEC /* location_no1@2x.png */ = {isa = PBXFileReference; lastKnownFileType = image.png; path = "location_no1@2x.png"; sourceTree = "<group>"; };
		5A49CD9E1ACC2DE300111AEC /* ProvincesAndCities.plist */ = {isa = PBXFileReference; fileEncoding = 4; lastKnownFileType = text.plist.xml; path = ProvincesAndCities.plist; sourceTree = "<group>"; };
		5A49CD9F1ACC2DE300111AEC /* TSLocateView.h */ = {isa = PBXFileReference; fileEncoding = 4; lastKnownFileType = sourcecode.c.h; path = TSLocateView.h; sourceTree = "<group>"; };
		5A49CDA01ACC2DE300111AEC /* TSLocateView.m */ = {isa = PBXFileReference; fileEncoding = 4; lastKnownFileType = sourcecode.c.objc; path = TSLocateView.m; sourceTree = "<group>"; };
		5A49CDA11ACC2DE300111AEC /* TSLocateView.xib */ = {isa = PBXFileReference; fileEncoding = 4; lastKnownFileType = file.xib; path = TSLocateView.xib; sourceTree = "<group>"; };
		5A49CDA21ACC2DE300111AEC /* TSLocation.h */ = {isa = PBXFileReference; fileEncoding = 4; lastKnownFileType = sourcecode.c.h; path = TSLocation.h; sourceTree = "<group>"; };
		5A49CDA31ACC2DE300111AEC /* TSLocation.m */ = {isa = PBXFileReference; fileEncoding = 4; lastKnownFileType = sourcecode.c.objc; path = TSLocation.m; sourceTree = "<group>"; };
		5A49CDA81ACC2E0A00111AEC /* AMapSearchKit.framework */ = {isa = PBXFileReference; lastKnownFileType = wrapper.framework; name = AMapSearchKit.framework; path = "../../ios-zjd/高德/AMapSearchKit.framework"; sourceTree = "<group>"; };
		5A49CDAA1ACC2E1700111AEC /* MAMapKit.framework */ = {isa = PBXFileReference; lastKnownFileType = wrapper.framework; name = MAMapKit.framework; path = "../../ios-zjd/高德/MAMapKit.framework"; sourceTree = "<group>"; };
		5A49CDAC1ACC2E3A00111AEC /* QuartzCore.framework */ = {isa = PBXFileReference; lastKnownFileType = wrapper.framework; name = QuartzCore.framework; path = System/Library/Frameworks/QuartzCore.framework; sourceTree = SDKROOT; };
		5A49CDAE1ACC2E4200111AEC /* OpenGLES.framework */ = {isa = PBXFileReference; lastKnownFileType = wrapper.framework; name = OpenGLES.framework; path = System/Library/Frameworks/OpenGLES.framework; sourceTree = SDKROOT; };
		5A49CDB01ACC2E4D00111AEC /* CoreLocation.framework */ = {isa = PBXFileReference; lastKnownFileType = wrapper.framework; name = CoreLocation.framework; path = System/Library/Frameworks/CoreLocation.framework; sourceTree = SDKROOT; };
		5A49CDB21ACC2E5400111AEC /* CoreTelephony.framework */ = {isa = PBXFileReference; lastKnownFileType = wrapper.framework; name = CoreTelephony.framework; path = System/Library/Frameworks/CoreTelephony.framework; sourceTree = SDKROOT; };
		5A49CDB41ACC2E5C00111AEC /* SystemConfiguration.framework */ = {isa = PBXFileReference; lastKnownFileType = wrapper.framework; name = SystemConfiguration.framework; path = System/Library/Frameworks/SystemConfiguration.framework; sourceTree = SDKROOT; };
		5A49CDB61ACC2E6500111AEC /* libz.dylib */ = {isa = PBXFileReference; lastKnownFileType = "compiled.mach-o.dylib"; name = libz.dylib; path = usr/lib/libz.dylib; sourceTree = SDKROOT; };
		5A49CDB81ACC2E6E00111AEC /* libstdc++.6.0.9.dylib */ = {isa = PBXFileReference; lastKnownFileType = "compiled.mach-o.dylib"; name = "libstdc++.6.0.9.dylib"; path = "usr/lib/libstdc++.6.0.9.dylib"; sourceTree = SDKROOT; };
		5A49CDBA1ACC2E7600111AEC /* Security.framework */ = {isa = PBXFileReference; lastKnownFileType = wrapper.framework; name = Security.framework; path = System/Library/Frameworks/Security.framework; sourceTree = SDKROOT; };
		5A49CDBC1ACC2E8A00111AEC /* AMap.bundle */ = {isa = PBXFileReference; lastKnownFileType = "wrapper.plug-in"; name = AMap.bundle; path = "../../ios-zjd/高德/MAMapKit.framework/Resources/AMap.bundle"; sourceTree = "<group>"; };
		5A49CDC21ACE756C00111AEC /* CPSafePush.h */ = {isa = PBXFileReference; fileEncoding = 4; lastKnownFileType = sourcecode.c.h; path = CPSafePush.h; sourceTree = "<group>"; };
		5A49CDC31ACE756C00111AEC /* CPSafePush.m */ = {isa = PBXFileReference; fileEncoding = 4; lastKnownFileType = sourcecode.c.objc; path = CPSafePush.m; sourceTree = "<group>"; };
		5A49CDC71ACE80FB00111AEC /* libUMessage_Sdk_1.1.0.a */ = {isa = PBXFileReference; lastKnownFileType = archive.ar; path = libUMessage_Sdk_1.1.0.a; sourceTree = "<group>"; };
		5A49CDC81ACE80FB00111AEC /* UMessage.h */ = {isa = PBXFileReference; fileEncoding = 4; lastKnownFileType = sourcecode.c.h; path = UMessage.h; sourceTree = "<group>"; };
		5A49CDCA1AD4296500111AEC /* CPSafeSetting.h */ = {isa = PBXFileReference; fileEncoding = 4; lastKnownFileType = sourcecode.c.h; path = CPSafeSetting.h; sourceTree = "<group>"; };
		5A49CDCB1AD4296500111AEC /* CPSafeSetting.m */ = {isa = PBXFileReference; fileEncoding = 4; lastKnownFileType = sourcecode.c.objc; path = CPSafeSetting.m; sourceTree = "<group>"; };
		5A9281431AC5578900C5E0F8 /* AFHTTPRequestOperation.h */ = {isa = PBXFileReference; fileEncoding = 4; lastKnownFileType = sourcecode.c.h; path = AFHTTPRequestOperation.h; sourceTree = "<group>"; };
		5A9281441AC5578900C5E0F8 /* AFHTTPRequestOperation.m */ = {isa = PBXFileReference; fileEncoding = 4; lastKnownFileType = sourcecode.c.objc; path = AFHTTPRequestOperation.m; sourceTree = "<group>"; };
		5A9281451AC5578900C5E0F8 /* AFHTTPRequestOperationManager.h */ = {isa = PBXFileReference; fileEncoding = 4; lastKnownFileType = sourcecode.c.h; path = AFHTTPRequestOperationManager.h; sourceTree = "<group>"; };
		5A9281461AC5578900C5E0F8 /* AFHTTPRequestOperationManager.m */ = {isa = PBXFileReference; fileEncoding = 4; lastKnownFileType = sourcecode.c.objc; path = AFHTTPRequestOperationManager.m; sourceTree = "<group>"; };
		5A9281471AC5578900C5E0F8 /* AFHTTPSessionManager.h */ = {isa = PBXFileReference; fileEncoding = 4; lastKnownFileType = sourcecode.c.h; path = AFHTTPSessionManager.h; sourceTree = "<group>"; };
		5A9281481AC5578900C5E0F8 /* AFHTTPSessionManager.m */ = {isa = PBXFileReference; fileEncoding = 4; lastKnownFileType = sourcecode.c.objc; path = AFHTTPSessionManager.m; sourceTree = "<group>"; };
		5A9281491AC5578900C5E0F8 /* AFNetworking.h */ = {isa = PBXFileReference; fileEncoding = 4; lastKnownFileType = sourcecode.c.h; path = AFNetworking.h; sourceTree = "<group>"; };
		5A92814A1AC5578900C5E0F8 /* AFNetworkReachabilityManager.h */ = {isa = PBXFileReference; fileEncoding = 4; lastKnownFileType = sourcecode.c.h; path = AFNetworkReachabilityManager.h; sourceTree = "<group>"; };
		5A92814B1AC5578900C5E0F8 /* AFNetworkReachabilityManager.m */ = {isa = PBXFileReference; fileEncoding = 4; lastKnownFileType = sourcecode.c.objc; path = AFNetworkReachabilityManager.m; sourceTree = "<group>"; };
		5A92814C1AC5578900C5E0F8 /* AFSecurityPolicy.h */ = {isa = PBXFileReference; fileEncoding = 4; lastKnownFileType = sourcecode.c.h; path = AFSecurityPolicy.h; sourceTree = "<group>"; };
		5A92814D1AC5578900C5E0F8 /* AFSecurityPolicy.m */ = {isa = PBXFileReference; fileEncoding = 4; lastKnownFileType = sourcecode.c.objc; path = AFSecurityPolicy.m; sourceTree = "<group>"; };
		5A92814E1AC5578900C5E0F8 /* AFURLConnectionOperation.h */ = {isa = PBXFileReference; fileEncoding = 4; lastKnownFileType = sourcecode.c.h; path = AFURLConnectionOperation.h; sourceTree = "<group>"; };
		5A92814F1AC5578900C5E0F8 /* AFURLConnectionOperation.m */ = {isa = PBXFileReference; fileEncoding = 4; lastKnownFileType = sourcecode.c.objc; path = AFURLConnectionOperation.m; sourceTree = "<group>"; };
		5A9281501AC5578900C5E0F8 /* AFURLRequestSerialization.h */ = {isa = PBXFileReference; fileEncoding = 4; lastKnownFileType = sourcecode.c.h; path = AFURLRequestSerialization.h; sourceTree = "<group>"; };
		5A9281511AC5578900C5E0F8 /* AFURLRequestSerialization.m */ = {isa = PBXFileReference; fileEncoding = 4; lastKnownFileType = sourcecode.c.objc; path = AFURLRequestSerialization.m; sourceTree = "<group>"; };
		5A9281521AC5578900C5E0F8 /* AFURLResponseSerialization.h */ = {isa = PBXFileReference; fileEncoding = 4; lastKnownFileType = sourcecode.c.h; path = AFURLResponseSerialization.h; sourceTree = "<group>"; };
		5A9281531AC5578900C5E0F8 /* AFURLResponseSerialization.m */ = {isa = PBXFileReference; fileEncoding = 4; lastKnownFileType = sourcecode.c.objc; path = AFURLResponseSerialization.m; sourceTree = "<group>"; };
		5A9281541AC5578900C5E0F8 /* AFURLSessionManager.h */ = {isa = PBXFileReference; fileEncoding = 4; lastKnownFileType = sourcecode.c.h; path = AFURLSessionManager.h; sourceTree = "<group>"; };
		5A9281551AC5578900C5E0F8 /* AFURLSessionManager.m */ = {isa = PBXFileReference; fileEncoding = 4; lastKnownFileType = sourcecode.c.objc; path = AFURLSessionManager.m; sourceTree = "<group>"; };
		5A9281621AC5602F00C5E0F8 /* CPSafeNetWorkOp.h */ = {isa = PBXFileReference; fileEncoding = 4; lastKnownFileType = sourcecode.c.h; path = CPSafeNetWorkOp.h; sourceTree = "<group>"; };
		5A9281631AC5602F00C5E0F8 /* CPSafeNetWorkOp.m */ = {isa = PBXFileReference; fileEncoding = 4; lastKnownFileType = sourcecode.c.objc; path = CPSafeNetWorkOp.m; sourceTree = "<group>"; };
		5AB2CDB31AC3AD7100EF0686 /* CPSafeNewsMain.h */ = {isa = PBXFileReference; fileEncoding = 4; lastKnownFileType = sourcecode.c.h; path = CPSafeNewsMain.h; sourceTree = "<group>"; };
		5AB2CDB41AC3AD7100EF0686 /* CPSafeNewsMain.m */ = {isa = PBXFileReference; fileEncoding = 4; lastKnownFileType = sourcecode.c.objc; path = CPSafeNewsMain.m; sourceTree = "<group>"; };
		5AB2CDB71AC3AF3700EF0686 /* CPSafeCoreData.h */ = {isa = PBXFileReference; fileEncoding = 4; lastKnownFileType = sourcecode.c.h; path = CPSafeCoreData.h; sourceTree = "<group>"; };
		5AB2CDB81AC3AF3700EF0686 /* CPSafeCoreData.m */ = {isa = PBXFileReference; fileEncoding = 4; lastKnownFileType = sourcecode.c.objc; path = CPSafeCoreData.m; sourceTree = "<group>"; };
		5AB2CDBE1AC3DC4600EF0686 /* NewsItem.h */ = {isa = PBXFileReference; fileEncoding = 4; lastKnownFileType = sourcecode.c.h; path = NewsItem.h; sourceTree = "<group>"; };
		5AB2CDBF1AC3DC4600EF0686 /* NewsItem.m */ = {isa = PBXFileReference; fileEncoding = 4; lastKnownFileType = sourcecode.c.objc; path = NewsItem.m; sourceTree = "<group>"; };
		5AB2CDC11AC3DE2C00EF0686 /* CPTrace 2.xcdatamodel */ = {isa = PBXFileReference; lastKnownFileType = wrapper.xcdatamodel; path = "CPTrace 2.xcdatamodel"; sourceTree = "<group>"; };
		5AB2CDC31AC3E4DA00EF0686 /* CPSafeWebViewViewController.h */ = {isa = PBXFileReference; fileEncoding = 4; lastKnownFileType = sourcecode.c.h; path = CPSafeWebViewViewController.h; sourceTree = "<group>"; };
		5AB2CDC41AC3E4DA00EF0686 /* CPSafeWebViewViewController.m */ = {isa = PBXFileReference; fileEncoding = 4; lastKnownFileType = sourcecode.c.objc; path = CPSafeWebViewViewController.m; sourceTree = "<group>"; };
		5AB2CDC51AC3E4DA00EF0686 /* CPSafeWebViewViewController.xib */ = {isa = PBXFileReference; fileEncoding = 4; lastKnownFileType = file.xib; path = CPSafeWebViewViewController.xib; sourceTree = "<group>"; };
		5AB2CDCA1AC41F9600EF0686 /* QRCameraSwitchButton.h */ = {isa = PBXFileReference; fileEncoding = 4; lastKnownFileType = sourcecode.c.h; path = QRCameraSwitchButton.h; sourceTree = "<group>"; };
		5AB2CDCB1AC41F9600EF0686 /* QRCameraSwitchButton.m */ = {isa = PBXFileReference; fileEncoding = 4; lastKnownFileType = sourcecode.c.objc; path = QRCameraSwitchButton.m; sourceTree = "<group>"; };
		5AB2CDCC1AC41F9600EF0686 /* QRCodeReaderDelegate.h */ = {isa = PBXFileReference; fileEncoding = 4; lastKnownFileType = sourcecode.c.h; path = QRCodeReaderDelegate.h; sourceTree = "<group>"; };
		5AB2CDCD1AC41F9600EF0686 /* QRCodeReaderView.h */ = {isa = PBXFileReference; fileEncoding = 4; lastKnownFileType = sourcecode.c.h; path = QRCodeReaderView.h; sourceTree = "<group>"; };
		5AB2CDCE1AC41F9600EF0686 /* QRCodeReaderView.m */ = {isa = PBXFileReference; fileEncoding = 4; lastKnownFileType = sourcecode.c.objc; path = QRCodeReaderView.m; sourceTree = "<group>"; };
		5AB2CDCF1AC41F9600EF0686 /* QRCodeReaderViewController.h */ = {isa = PBXFileReference; fileEncoding = 4; lastKnownFileType = sourcecode.c.h; path = QRCodeReaderViewController.h; sourceTree = "<group>"; };
		5AB2CDD01AC41F9600EF0686 /* QRCodeReaderViewController.m */ = {isa = PBXFileReference; fileEncoding = 4; lastKnownFileType = sourcecode.c.objc; path = QRCodeReaderViewController.m; sourceTree = "<group>"; };
		5AB2CDE51AC431F500EF0686 /* CPSafeMap.h */ = {isa = PBXFileReference; fileEncoding = 4; lastKnownFileType = sourcecode.c.h; path = CPSafeMap.h; sourceTree = "<group>"; };
		5AB2CDE61AC431F500EF0686 /* CPSafeMap.m */ = {isa = PBXFileReference; fileEncoding = 4; lastKnownFileType = sourcecode.c.objc; path = CPSafeMap.m; sourceTree = "<group>"; };
		5AB2CDE91AC4F7B100EF0686 /* CPSafeFeedback.h */ = {isa = PBXFileReference; fileEncoding = 4; lastKnownFileType = sourcecode.c.h; path = CPSafeFeedback.h; sourceTree = "<group>"; };
		5AB2CDEA1AC4F7B100EF0686 /* CPSafeFeedback.m */ = {isa = PBXFileReference; fileEncoding = 4; lastKnownFileType = sourcecode.c.objc; path = CPSafeFeedback.m; sourceTree = "<group>"; };
		5AB2CDEB1AC4F7B100EF0686 /* CPSafeFeedback.xib */ = {isa = PBXFileReference; fileEncoding = 4; lastKnownFileType = file.xib; path = CPSafeFeedback.xib; sourceTree = "<group>"; };
		5AB2CDF01AC503A000EF0686 /* CPSafeAboutus.h */ = {isa = PBXFileReference; fileEncoding = 4; lastKnownFileType = sourcecode.c.h; path = CPSafeAboutus.h; sourceTree = "<group>"; };
		5AB2CDF11AC503A000EF0686 /* CPSafeAboutus.m */ = {isa = PBXFileReference; fileEncoding = 4; lastKnownFileType = sourcecode.c.objc; path = CPSafeAboutus.m; sourceTree = "<group>"; };
		5AB2CDF21AC503A000EF0686 /* CPSafeAboutus.xib */ = {isa = PBXFileReference; fileEncoding = 4; lastKnownFileType = file.xib; path = CPSafeAboutus.xib; sourceTree = "<group>"; };
		5AC4B6521AC3029C0081A8E6 /* CPTrace.app */ = {isa = PBXFileReference; explicitFileType = wrapper.application; includeInIndex = 0; path = CPTrace.app; sourceTree = BUILT_PRODUCTS_DIR; };
		5AC4B6551AC3029C0081A8E6 /* Foundation.framework */ = {isa = PBXFileReference; lastKnownFileType = wrapper.framework; name = Foundation.framework; path = System/Library/Frameworks/Foundation.framework; sourceTree = SDKROOT; };
		5AC4B6571AC3029C0081A8E6 /* CoreGraphics.framework */ = {isa = PBXFileReference; lastKnownFileType = wrapper.framework; name = CoreGraphics.framework; path = System/Library/Frameworks/CoreGraphics.framework; sourceTree = SDKROOT; };
		5AC4B6591AC3029C0081A8E6 /* UIKit.framework */ = {isa = PBXFileReference; lastKnownFileType = wrapper.framework; name = UIKit.framework; path = System/Library/Frameworks/UIKit.framework; sourceTree = SDKROOT; };
		5AC4B65D1AC3029C0081A8E6 /* CPTrace-Info.plist */ = {isa = PBXFileReference; lastKnownFileType = text.plist.xml; path = "CPTrace-Info.plist"; sourceTree = "<group>"; };
		5AC4B65F1AC3029C0081A8E6 /* en */ = {isa = PBXFileReference; lastKnownFileType = text.plist.strings; name = en; path = en.lproj/InfoPlist.strings; sourceTree = "<group>"; };
		5AC4B6611AC3029C0081A8E6 /* main.m */ = {isa = PBXFileReference; lastKnownFileType = sourcecode.c.objc; path = main.m; sourceTree = "<group>"; };
		5AC4B6631AC3029C0081A8E6 /* CPTrace-Prefix.pch */ = {isa = PBXFileReference; lastKnownFileType = sourcecode.c.h; path = "CPTrace-Prefix.pch"; sourceTree = "<group>"; };
		5AC4B6641AC3029C0081A8E6 /* CPSafeAppDelegate.h */ = {isa = PBXFileReference; lastKnownFileType = sourcecode.c.h; path = CPSafeAppDelegate.h; sourceTree = "<group>"; };
		5AC4B6651AC3029C0081A8E6 /* CPSafeAppDelegate.m */ = {isa = PBXFileReference; lastKnownFileType = sourcecode.c.objc; path = CPSafeAppDelegate.m; sourceTree = "<group>"; };
		5AC4B6681AC3029C0081A8E6 /* Base */ = {isa = PBXFileReference; lastKnownFileType = file.storyboard; name = Base; path = Base.lproj/Main.storyboard; sourceTree = "<group>"; };
		5AC4B66A1AC3029C0081A8E6 /* CPSafeViewController.h */ = {isa = PBXFileReference; lastKnownFileType = sourcecode.c.h; path = CPSafeViewController.h; sourceTree = "<group>"; };
		5AC4B66B1AC3029C0081A8E6 /* CPSafeViewController.m */ = {isa = PBXFileReference; lastKnownFileType = sourcecode.c.objc; path = CPSafeViewController.m; sourceTree = "<group>"; };
		5AC4B66D1AC3029C0081A8E6 /* Images.xcassets */ = {isa = PBXFileReference; lastKnownFileType = folder.assetcatalog; path = Images.xcassets; sourceTree = "<group>"; };
		5AC4B6731AC3029C0081A8E6 /* CPTraceTests.xctest */ = {isa = PBXFileReference; explicitFileType = wrapper.cfbundle; includeInIndex = 0; path = CPTraceTests.xctest; sourceTree = BUILT_PRODUCTS_DIR; };
		5AC4B6741AC3029C0081A8E6 /* XCTest.framework */ = {isa = PBXFileReference; lastKnownFileType = wrapper.framework; name = XCTest.framework; path = Library/Frameworks/XCTest.framework; sourceTree = DEVELOPER_DIR; };
		5AC4B67C1AC3029C0081A8E6 /* CPTraceTests-Info.plist */ = {isa = PBXFileReference; lastKnownFileType = text.plist.xml; path = "CPTraceTests-Info.plist"; sourceTree = "<group>"; };
		5AC4B67E1AC3029C0081A8E6 /* en */ = {isa = PBXFileReference; lastKnownFileType = text.plist.strings; name = en; path = en.lproj/InfoPlist.strings; sourceTree = "<group>"; };
		5AC4B6801AC3029C0081A8E6 /* CPTraceTests.m */ = {isa = PBXFileReference; lastKnownFileType = sourcecode.c.objc; path = CPTraceTests.m; sourceTree = "<group>"; };
		5AC4B68A1AC302BF0081A8E6 /* CoreData.framework */ = {isa = PBXFileReference; lastKnownFileType = wrapper.framework; name = CoreData.framework; path = System/Library/Frameworks/CoreData.framework; sourceTree = SDKROOT; };
		5AC4B6CE1AC303760081A8E6 /* CPTrace.xcdatamodel */ = {isa = PBXFileReference; lastKnownFileType = wrapper.xcdatamodel; path = CPTrace.xcdatamodel; sourceTree = "<group>"; };
/* End PBXFileReference section */

/* Begin PBXFrameworksBuildPhase section */
		5AC4B64F1AC3029C0081A8E6 /* Frameworks */ = {
			isa = PBXFrameworksBuildPhase;
			buildActionMask = 2147483647;
			files = (
				5A49CDBB1ACC2E7600111AEC /* Security.framework in Frameworks */,
				5A49CDB91ACC2E6E00111AEC /* libstdc++.6.0.9.dylib in Frameworks */,
				5A49CDB71ACC2E6500111AEC /* libz.dylib in Frameworks */,
				5A49CDB51ACC2E5C00111AEC /* SystemConfiguration.framework in Frameworks */,
				5A49CDB31ACC2E5400111AEC /* CoreTelephony.framework in Frameworks */,
				5A49CDB11ACC2E4D00111AEC /* CoreLocation.framework in Frameworks */,
				5A49CDC91ACE80FB00111AEC /* libUMessage_Sdk_1.1.0.a in Frameworks */,
				5A49CDAF1ACC2E4200111AEC /* OpenGLES.framework in Frameworks */,
				5A49CDAD1ACC2E3A00111AEC /* QuartzCore.framework in Frameworks */,
				5A49CDAB1ACC2E1700111AEC /* MAMapKit.framework in Frameworks */,
				5A49CDA91ACC2E0A00111AEC /* AMapSearchKit.framework in Frameworks */,
				5AC4B68B1AC302BF0081A8E6 /* CoreData.framework in Frameworks */,
				5AC4B6581AC3029C0081A8E6 /* CoreGraphics.framework in Frameworks */,
				5AC4B65A1AC3029C0081A8E6 /* UIKit.framework in Frameworks */,
				5AC4B6561AC3029C0081A8E6 /* Foundation.framework in Frameworks */,
			);
			runOnlyForDeploymentPostprocessing = 0;
		};
		5AC4B6701AC3029C0081A8E6 /* Frameworks */ = {
			isa = PBXFrameworksBuildPhase;
			buildActionMask = 2147483647;
			files = (
				5AC4B6751AC3029C0081A8E6 /* XCTest.framework in Frameworks */,
				5AC4B6771AC3029C0081A8E6 /* UIKit.framework in Frameworks */,
				5AC4B6761AC3029C0081A8E6 /* Foundation.framework in Frameworks */,
			);
			runOnlyForDeploymentPostprocessing = 0;
		};
/* End PBXFrameworksBuildPhase section */

/* Begin PBXGroup section */
		5A0401BB1AE12A920024E1A5 /* PullToRefresh */ = {
			isa = PBXGroup;
			children = (
				5A0401BC1AE12AB70024E1A5 /* EGORefreshTableHeaderView.h */,
				5A0401BD1AE12AB70024E1A5 /* EGORefreshTableHeaderView.m */,
			);
			name = PullToRefresh;
			sourceTree = "<group>";
		};
		5A0401BF1AE137680024E1A5 /* SDWebImage */ = {
			isa = PBXGroup;
			children = (
				5A0401C01AE137680024E1A5 /* MKAnnotationView+WebCache.h */,
				5A0401C11AE137680024E1A5 /* MKAnnotationView+WebCache.m */,
				5A0401C21AE137680024E1A5 /* NSData+ImageContentType.h */,
				5A0401C31AE137680024E1A5 /* NSData+ImageContentType.m */,
				5A0401C41AE137680024E1A5 /* SDImageCache.h */,
				5A0401C51AE137680024E1A5 /* SDImageCache.m */,
				5A0401C61AE137680024E1A5 /* SDWebImageCompat.h */,
				5A0401C71AE137680024E1A5 /* SDWebImageCompat.m */,
				5A0401C81AE137680024E1A5 /* SDWebImageDecoder.h */,
				5A0401C91AE137680024E1A5 /* SDWebImageDecoder.m */,
				5A0401CA1AE137680024E1A5 /* SDWebImageDownloader.h */,
				5A0401CB1AE137680024E1A5 /* SDWebImageDownloader.m */,
				5A0401CC1AE137680024E1A5 /* SDWebImageDownloaderOperation.h */,
				5A0401CD1AE137680024E1A5 /* SDWebImageDownloaderOperation.m */,
				5A0401CE1AE137680024E1A5 /* SDWebImageManager.h */,
				5A0401CF1AE137680024E1A5 /* SDWebImageManager.m */,
				5A0401D01AE137680024E1A5 /* SDWebImageOperation.h */,
				5A0401D11AE137680024E1A5 /* SDWebImagePrefetcher.h */,
				5A0401D21AE137680024E1A5 /* SDWebImagePrefetcher.m */,
				5A0401D31AE137680024E1A5 /* UIButton+WebCache.h */,
				5A0401D41AE137680024E1A5 /* UIButton+WebCache.m */,
				5A0401D51AE137680024E1A5 /* UIImage+GIF.h */,
				5A0401D61AE137680024E1A5 /* UIImage+GIF.m */,
				5A0401D71AE137680024E1A5 /* UIImage+MultiFormat.h */,
				5A0401D81AE137680024E1A5 /* UIImage+MultiFormat.m */,
				5A0401D91AE137680024E1A5 /* UIImage+WebP.h */,
				5A0401DA1AE137680024E1A5 /* UIImage+WebP.m */,
				5A0401DB1AE137680024E1A5 /* UIImageView+HighlightedWebCache.h */,
				5A0401DC1AE137680024E1A5 /* UIImageView+HighlightedWebCache.m */,
				5A0401DD1AE137680024E1A5 /* UIImageView+WebCache.h */,
				5A0401DE1AE137680024E1A5 /* UIImageView+WebCache.m */,
				5A0401DF1AE137680024E1A5 /* UIView+WebCacheOperation.h */,
				5A0401E01AE137680024E1A5 /* UIView+WebCacheOperation.m */,
			);
			path = SDWebImage;
			sourceTree = "<group>";
		};
		5A49CD861ACC2CF100111AEC /* Resources */ = {
			isa = PBXGroup;
			children = (
				5A0401F11AE137DF0024E1A5 /* placeholder.png */,
				5A0401F21AE137DF0024E1A5 /* placeholder@2x.png */,
				5A0401AB1AE12A690024E1A5 /* blackArrow.png */,
				5A0401AC1AE12A690024E1A5 /* blackArrow@2x.png */,
				5A0401AD1AE12A690024E1A5 /* blueArrow.png */,
				5A0401AE1AE12A690024E1A5 /* blueArrow@2x.png */,
				5A0401AF1AE12A690024E1A5 /* grayArrow.png */,
				5A0401B01AE12A690024E1A5 /* grayArrow@2x.png */,
				5A0401B11AE12A690024E1A5 /* whiteArrow.png */,
				5A0401B21AE12A690024E1A5 /* whiteArrow@2x.png */,
				5A49CD871ACC2D5300111AEC /* bg_023@2x.png */,
				5A49CD881ACC2D5300111AEC /* btn_020.disable@2x.png */,
				5A49CD891ACC2D5300111AEC /* btn_020.press@2x.png */,
				5A49CD8A1ACC2D5300111AEC /* btn_020@2x.png */,
				5A49CD8B1ACC2D5300111AEC /* btn_021.disable@2x.png */,
				5A49CD8C1ACC2D5300111AEC /* btn_021.press@2x.png */,
				5A49CD8D1ACC2D5300111AEC /* btn_021@2x.png */,
				5A49CD8E1ACC2D5300111AEC /* select_city@2x.png */,
				5A49CD8F1ACC2D5300111AEC /* location_yes1@2x.png */,
				5A49CD901ACC2D5300111AEC /* search@2x.png */,
				5A49CD911ACC2D5300111AEC /* location_no1@2x.png */,
			);
			name = Resources;
			sourceTree = "<group>";
		};
		5A49CD9D1ACC2D6100111AEC /* CityList */ = {
			isa = PBXGroup;
			children = (
				5A49CD9E1ACC2DE300111AEC /* ProvincesAndCities.plist */,
				5A49CD9F1ACC2DE300111AEC /* TSLocateView.h */,
				5A49CDA01ACC2DE300111AEC /* TSLocateView.m */,
				5A49CDA11ACC2DE300111AEC /* TSLocateView.xib */,
				5A49CDA21ACC2DE300111AEC /* TSLocation.h */,
				5A49CDA31ACC2DE300111AEC /* TSLocation.m */,
			);
			name = CityList;
			sourceTree = "<group>";
		};
		5A49CDBE1ACE6DCD00111AEC /* Push */ = {
			isa = PBXGroup;
			children = (
				5A49CDC51ACE80BA00111AEC /* UMengSdk */,
				5A49CDC21ACE756C00111AEC /* CPSafePush.h */,
				5A49CDC31ACE756C00111AEC /* CPSafePush.m */,
			);
			name = Push;
			sourceTree = "<group>";
		};
		5A49CDC51ACE80BA00111AEC /* UMengSdk */ = {
			isa = PBXGroup;
			children = (
				5A49CDC61ACE80FB00111AEC /* UMessage_Sdk_1.1.0 */,
			);
			name = UMengSdk;
			sourceTree = "<group>";
		};
		5A49CDC61ACE80FB00111AEC /* UMessage_Sdk_1.1.0 */ = {
			isa = PBXGroup;
			children = (
				5A49CDC71ACE80FB00111AEC /* libUMessage_Sdk_1.1.0.a */,
				5A49CDC81ACE80FB00111AEC /* UMessage.h */,
			);
			path = UMessage_Sdk_1.1.0;
			sourceTree = "<group>";
		};
		5A9281421AC5578900C5E0F8 /* AFNetworking */ = {
			isa = PBXGroup;
			children = (
				5A9281431AC5578900C5E0F8 /* AFHTTPRequestOperation.h */,
				5A9281441AC5578900C5E0F8 /* AFHTTPRequestOperation.m */,
				5A9281451AC5578900C5E0F8 /* AFHTTPRequestOperationManager.h */,
				5A9281461AC5578900C5E0F8 /* AFHTTPRequestOperationManager.m */,
				5A9281471AC5578900C5E0F8 /* AFHTTPSessionManager.h */,
				5A9281481AC5578900C5E0F8 /* AFHTTPSessionManager.m */,
				5A9281491AC5578900C5E0F8 /* AFNetworking.h */,
				5A92814A1AC5578900C5E0F8 /* AFNetworkReachabilityManager.h */,
				5A92814B1AC5578900C5E0F8 /* AFNetworkReachabilityManager.m */,
				5A92814C1AC5578900C5E0F8 /* AFSecurityPolicy.h */,
				5A92814D1AC5578900C5E0F8 /* AFSecurityPolicy.m */,
				5A92814E1AC5578900C5E0F8 /* AFURLConnectionOperation.h */,
				5A92814F1AC5578900C5E0F8 /* AFURLConnectionOperation.m */,
				5A9281501AC5578900C5E0F8 /* AFURLRequestSerialization.h */,
				5A9281511AC5578900C5E0F8 /* AFURLRequestSerialization.m */,
				5A9281521AC5578900C5E0F8 /* AFURLResponseSerialization.h */,
				5A9281531AC5578900C5E0F8 /* AFURLResponseSerialization.m */,
				5A9281541AC5578900C5E0F8 /* AFURLSessionManager.h */,
				5A9281551AC5578900C5E0F8 /* AFURLSessionManager.m */,
			);
			path = AFNetworking;
			sourceTree = "<group>";
		};
		5AB2CDB61AC3AEEB00EF0686 /* CoreDataLib */ = {
			isa = PBXGroup;
			children = (
				5AB2CDB71AC3AF3700EF0686 /* CPSafeCoreData.h */,
				5AB2CDB81AC3AF3700EF0686 /* CPSafeCoreData.m */,
			);
			name = CoreDataLib;
			sourceTree = "<group>";
		};
		5AB2CDBA1AC3B42A00EF0686 /* EntitySubclass */ = {
			isa = PBXGroup;
			children = (
				5AB2CDBE1AC3DC4600EF0686 /* NewsItem.h */,
				5AB2CDBF1AC3DC4600EF0686 /* NewsItem.m */,
			);
			name = EntitySubclass;
			sourceTree = "<group>";
		};
		5AB2CDC21AC3E4B400EF0686 /* NetworkLib */ = {
			isa = PBXGroup;
			children = (
				5A9281421AC5578900C5E0F8 /* AFNetworking */,
				5A9281621AC5602F00C5E0F8 /* CPSafeNetWorkOp.h */,
				5A9281631AC5602F00C5E0F8 /* CPSafeNetWorkOp.m */,
			);
			name = NetworkLib;
			sourceTree = "<group>";
		};
		5AB2CDC81AC3F0E200EF0686 /* ViewClass */ = {
			isa = PBXGroup;
			children = (
				5A0401BF1AE137680024E1A5 /* SDWebImage */,
				5A0401BB1AE12A920024E1A5 /* PullToRefresh */,
				5AB2CDE81AC4ED5E00EF0686 /* SettingGroup */,
				5AB2CDC91AC41F9600EF0686 /* QRCodeReaderViewController */,
				5AB2CDC31AC3E4DA00EF0686 /* CPSafeWebViewViewController.h */,
				5AB2CDC41AC3E4DA00EF0686 /* CPSafeWebViewViewController.m */,
				5AB2CDC51AC3E4DA00EF0686 /* CPSafeWebViewViewController.xib */,
				5AB2CDB31AC3AD7100EF0686 /* CPSafeNewsMain.h */,
				5AB2CDB41AC3AD7100EF0686 /* CPSafeNewsMain.m */,
				5AB2CDE51AC431F500EF0686 /* CPSafeMap.h */,
				5AB2CDE61AC431F500EF0686 /* CPSafeMap.m */,
				5A49CDCA1AD4296500111AEC /* CPSafeSetting.h */,
				5A49CDCB1AD4296500111AEC /* CPSafeSetting.m */,
			);
			name = ViewClass;
			sourceTree = "<group>";
		};
		5AB2CDC91AC41F9600EF0686 /* QRCodeReaderViewController */ = {
			isa = PBXGroup;
			children = (
				5AB2CDCA1AC41F9600EF0686 /* QRCameraSwitchButton.h */,
				5AB2CDCB1AC41F9600EF0686 /* QRCameraSwitchButton.m */,
				5AB2CDCC1AC41F9600EF0686 /* QRCodeReaderDelegate.h */,
				5AB2CDCD1AC41F9600EF0686 /* QRCodeReaderView.h */,
				5AB2CDCE1AC41F9600EF0686 /* QRCodeReaderView.m */,
				5AB2CDCF1AC41F9600EF0686 /* QRCodeReaderViewController.h */,
				5AB2CDD01AC41F9600EF0686 /* QRCodeReaderViewController.m */,
			);
			path = QRCodeReaderViewController;
			sourceTree = "<group>";
		};
		5AB2CDE81AC4ED5E00EF0686 /* SettingGroup */ = {
			isa = PBXGroup;
			children = (
				5AB2CDE91AC4F7B100EF0686 /* CPSafeFeedback.h */,
				5AB2CDEA1AC4F7B100EF0686 /* CPSafeFeedback.m */,
				5AB2CDEB1AC4F7B100EF0686 /* CPSafeFeedback.xib */,
				5AB2CDF01AC503A000EF0686 /* CPSafeAboutus.h */,
				5AB2CDF11AC503A000EF0686 /* CPSafeAboutus.m */,
				5AB2CDF21AC503A000EF0686 /* CPSafeAboutus.xib */,
			);
			name = SettingGroup;
			sourceTree = "<group>";
		};
		5AC4B6491AC3029C0081A8E6 = {
			isa = PBXGroup;
			children = (
				5A49CDBC1ACC2E8A00111AEC /* AMap.bundle */,
				5AC4B65B1AC3029C0081A8E6 /* CPTrace */,
				5AC4B67A1AC3029C0081A8E6 /* CPTraceTests */,
				5AC4B6541AC3029C0081A8E6 /* Frameworks */,
				5AC4B6531AC3029C0081A8E6 /* Products */,
			);
			sourceTree = "<group>";
		};
		5AC4B6531AC3029C0081A8E6 /* Products */ = {
			isa = PBXGroup;
			children = (
				5AC4B6521AC3029C0081A8E6 /* CPTrace.app */,
				5AC4B6731AC3029C0081A8E6 /* CPTraceTests.xctest */,
			);
			name = Products;
			sourceTree = "<group>";
		};
		5AC4B6541AC3029C0081A8E6 /* Frameworks */ = {
			isa = PBXGroup;
			children = (
				5A49CDBA1ACC2E7600111AEC /* Security.framework */,
				5A49CDB81ACC2E6E00111AEC /* libstdc++.6.0.9.dylib */,
				5A49CDB61ACC2E6500111AEC /* libz.dylib */,
				5A49CDB41ACC2E5C00111AEC /* SystemConfiguration.framework */,
				5A49CDB21ACC2E5400111AEC /* CoreTelephony.framework */,
				5A49CDB01ACC2E4D00111AEC /* CoreLocation.framework */,
				5A49CDAE1ACC2E4200111AEC /* OpenGLES.framework */,
				5A49CDAC1ACC2E3A00111AEC /* QuartzCore.framework */,
				5A49CDAA1ACC2E1700111AEC /* MAMapKit.framework */,
				5A49CDA81ACC2E0A00111AEC /* AMapSearchKit.framework */,
				5AC4B68A1AC302BF0081A8E6 /* CoreData.framework */,
				5AC4B6551AC3029C0081A8E6 /* Foundation.framework */,
				5AC4B6571AC3029C0081A8E6 /* CoreGraphics.framework */,
				5AC4B6591AC3029C0081A8E6 /* UIKit.framework */,
				5AC4B6741AC3029C0081A8E6 /* XCTest.framework */,
			);
			name = Frameworks;
			sourceTree = "<group>";
		};
		5AC4B65B1AC3029C0081A8E6 /* CPTrace */ = {
			isa = PBXGroup;
			children = (
				5A49CDBE1ACE6DCD00111AEC /* Push */,
				5A49CD9D1ACC2D6100111AEC /* CityList */,
				5A49CD861ACC2CF100111AEC /* Resources */,
				5AB2CDC81AC3F0E200EF0686 /* ViewClass */,
				5AB2CDC21AC3E4B400EF0686 /* NetworkLib */,
				5AB2CDBA1AC3B42A00EF0686 /* EntitySubclass */,
				5AB2CDB61AC3AEEB00EF0686 /* CoreDataLib */,
				5AC4B6641AC3029C0081A8E6 /* CPSafeAppDelegate.h */,
				5AC4B6651AC3029C0081A8E6 /* CPSafeAppDelegate.m */,
				5AC4B6671AC3029C0081A8E6 /* Main.storyboard */,
				5AC4B66A1AC3029C0081A8E6 /* CPSafeViewController.h */,
				5AC4B66B1AC3029C0081A8E6 /* CPSafeViewController.m */,
				5AC4B66D1AC3029C0081A8E6 /* Images.xcassets */,
				5AC4B6CD1AC303760081A8E6 /* CPTrace.xcdatamodeld */,
				5AC4B65C1AC3029C0081A8E6 /* Supporting Files */,
			);
			path = CPTrace;
			sourceTree = "<group>";
		};
		5AC4B65C1AC3029C0081A8E6 /* Supporting Files */ = {
			isa = PBXGroup;
			children = (
				5AC4B65D1AC3029C0081A8E6 /* CPTrace-Info.plist */,
				5AC4B65E1AC3029C0081A8E6 /* InfoPlist.strings */,
				5AC4B6611AC3029C0081A8E6 /* main.m */,
				5AC4B6631AC3029C0081A8E6 /* CPTrace-Prefix.pch */,
			);
			name = "Supporting Files";
			sourceTree = "<group>";
		};
		5AC4B67A1AC3029C0081A8E6 /* CPTraceTests */ = {
			isa = PBXGroup;
			children = (
				5AC4B6801AC3029C0081A8E6 /* CPTraceTests.m */,
				5AC4B67B1AC3029C0081A8E6 /* Supporting Files */,
			);
			path = CPTraceTests;
			sourceTree = "<group>";
		};
		5AC4B67B1AC3029C0081A8E6 /* Supporting Files */ = {
			isa = PBXGroup;
			children = (
				5AC4B67C1AC3029C0081A8E6 /* CPTraceTests-Info.plist */,
				5AC4B67D1AC3029C0081A8E6 /* InfoPlist.strings */,
			);
			name = "Supporting Files";
			sourceTree = "<group>";
		};
/* End PBXGroup section */

/* Begin PBXNativeTarget section */
		5AC4B6511AC3029C0081A8E6 /* CPTrace */ = {
			isa = PBXNativeTarget;
			buildConfigurationList = 5AC4B6841AC3029C0081A8E6 /* Build configuration list for PBXNativeTarget "CPTrace" */;
			buildPhases = (
				5AC4B64E1AC3029C0081A8E6 /* Sources */,
				5AC4B64F1AC3029C0081A8E6 /* Frameworks */,
				5AC4B6501AC3029C0081A8E6 /* Resources */,
			);
			buildRules = (
			);
			dependencies = (
			);
			name = CPTrace;
			productName = CPTrace;
			productReference = 5AC4B6521AC3029C0081A8E6 /* CPTrace.app */;
			productType = "com.apple.product-type.application";
		};
		5AC4B6721AC3029C0081A8E6 /* CPTraceTests */ = {
			isa = PBXNativeTarget;
			buildConfigurationList = 5AC4B6871AC3029C0081A8E6 /* Build configuration list for PBXNativeTarget "CPTraceTests" */;
			buildPhases = (
				5AC4B66F1AC3029C0081A8E6 /* Sources */,
				5AC4B6701AC3029C0081A8E6 /* Frameworks */,
				5AC4B6711AC3029C0081A8E6 /* Resources */,
			);
			buildRules = (
			);
			dependencies = (
				5AC4B6791AC3029C0081A8E6 /* PBXTargetDependency */,
			);
			name = CPTraceTests;
			productName = CPTraceTests;
			productReference = 5AC4B6731AC3029C0081A8E6 /* CPTraceTests.xctest */;
			productType = "com.apple.product-type.bundle.unit-test";
		};
/* End PBXNativeTarget section */

/* Begin PBXProject section */
		5AC4B64A1AC3029C0081A8E6 /* Project object */ = {
			isa = PBXProject;
			attributes = {
				CLASSPREFIX = CPSafe;
				LastUpgradeCheck = 0510;
				ORGANIZATIONNAME = buptLab618;
				TargetAttributes = {
					5AC4B6721AC3029C0081A8E6 = {
						TestTargetID = 5AC4B6511AC3029C0081A8E6;
					};
				};
			};
			buildConfigurationList = 5AC4B64D1AC3029C0081A8E6 /* Build configuration list for PBXProject "CPTrace" */;
			compatibilityVersion = "Xcode 3.2";
			developmentRegion = English;
			hasScannedForEncodings = 0;
			knownRegions = (
				en,
				Base,
			);
			mainGroup = 5AC4B6491AC3029C0081A8E6;
			productRefGroup = 5AC4B6531AC3029C0081A8E6 /* Products */;
			projectDirPath = "";
			projectRoot = "";
			targets = (
				5AC4B6511AC3029C0081A8E6 /* CPTrace */,
				5AC4B6721AC3029C0081A8E6 /* CPTraceTests */,
			);
		};
/* End PBXProject section */

/* Begin PBXResourcesBuildPhase section */
		5AC4B6501AC3029C0081A8E6 /* Resources */ = {
			isa = PBXResourcesBuildPhase;
			buildActionMask = 2147483647;
			files = (
				5A0401B61AE12A690024E1A5 /* blueArrow@2x.png in Resources */,
				5A0401F31AE137DF0024E1A5 /* placeholder.png in Resources */,
				5A49CD9B1ACC2D5300111AEC /* search@2x.png in Resources */,
				5AB2CDED1AC4F7B100EF0686 /* CPSafeFeedback.xib in Resources */,
				5A49CD991ACC2D5300111AEC /* select_city@2x.png in Resources */,
				5A49CD9C1ACC2D5300111AEC /* location_no1@2x.png in Resources */,
				5A0401B31AE12A690024E1A5 /* blackArrow.png in Resources */,
				5AC4B66E1AC3029C0081A8E6 /* Images.xcassets in Resources */,
				5A0401B91AE12A690024E1A5 /* whiteArrow.png in Resources */,
				5A49CD931ACC2D5300111AEC /* btn_020.disable@2x.png in Resources */,
				5A49CD941ACC2D5300111AEC /* btn_020.press@2x.png in Resources */,
				5AC4B6601AC3029C0081A8E6 /* InfoPlist.strings in Resources */,
				5AB2CDF41AC503A000EF0686 /* CPSafeAboutus.xib in Resources */,
				5A0401B41AE12A690024E1A5 /* blackArrow@2x.png in Resources */,
				5A49CD961ACC2D5300111AEC /* btn_021.disable@2x.png in Resources */,
				5A49CDBD1ACC2E8A00111AEC /* AMap.bundle in Resources */,
				5AB2CDC71AC3E4DA00EF0686 /* CPSafeWebViewViewController.xib in Resources */,
				5A0401B81AE12A690024E1A5 /* grayArrow@2x.png in Resources */,
				5A49CDA61ACC2DE300111AEC /* TSLocateView.xib in Resources */,
				5A49CD981ACC2D5300111AEC /* btn_021@2x.png in Resources */,
				5A0401F41AE137DF0024E1A5 /* placeholder@2x.png in Resources */,
				5A0401B71AE12A690024E1A5 /* grayArrow.png in Resources */,
				5AC4B6691AC3029C0081A8E6 /* Main.storyboard in Resources */,
				5A49CD951ACC2D5300111AEC /* btn_020@2x.png in Resources */,
				5A49CD971ACC2D5300111AEC /* btn_021.press@2x.png in Resources */,
				5A49CD9A1ACC2D5300111AEC /* location_yes1@2x.png in Resources */,
				5A0401B51AE12A690024E1A5 /* blueArrow.png in Resources */,
				5A49CD921ACC2D5300111AEC /* bg_023@2x.png in Resources */,
				5A0401BA1AE12A690024E1A5 /* whiteArrow@2x.png in Resources */,
				5A49CDA41ACC2DE300111AEC /* ProvincesAndCities.plist in Resources */,
			);
			runOnlyForDeploymentPostprocessing = 0;
		};
		5AC4B6711AC3029C0081A8E6 /* Resources */ = {
			isa = PBXResourcesBuildPhase;
			buildActionMask = 2147483647;
			files = (
				5AC4B67F1AC3029C0081A8E6 /* InfoPlist.strings in Resources */,
			);
			runOnlyForDeploymentPostprocessing = 0;
		};
/* End PBXResourcesBuildPhase section */

/* Begin PBXSourcesBuildPhase section */
		5AC4B64E1AC3029C0081A8E6 /* Sources */ = {
			isa = PBXSourcesBuildPhase;
			buildActionMask = 2147483647;
			files = (
				5AB2CDB91AC3AF3700EF0686 /* CPSafeCoreData.m in Sources */,
				5AB2CDC01AC3DC4600EF0686 /* NewsItem.m in Sources */,
				5A0401E81AE137680024E1A5 /* SDWebImageManager.m in Sources */,
				5A0401E91AE137680024E1A5 /* SDWebImagePrefetcher.m in Sources */,
				5AB2CDE71AC431F500EF0686 /* CPSafeMap.m in Sources */,
				5AB2CDC61AC3E4DA00EF0686 /* CPSafeWebViewViewController.m in Sources */,
				5A92815D1AC5578900C5E0F8 /* AFURLResponseSerialization.m in Sources */,
				5A0401F01AE137680024E1A5 /* UIView+WebCacheOperation.m in Sources */,
				5A92815B1AC5578900C5E0F8 /* AFURLConnectionOperation.m in Sources */,
				5A0401E71AE137680024E1A5 /* SDWebImageDownloaderOperation.m in Sources */,
				5A49CDCC1AD4296500111AEC /* CPSafeSetting.m in Sources */,
				5A49CDA51ACC2DE300111AEC /* TSLocateView.m in Sources */,
				5A49CDC41ACE756C00111AEC /* CPSafePush.m in Sources */,
				5AB2CDB51AC3AD7100EF0686 /* CPSafeNewsMain.m in Sources */,
				5A9281641AC5602F00C5E0F8 /* CPSafeNetWorkOp.m in Sources */,
				5A49CDA71ACC2DE300111AEC /* TSLocation.m in Sources */,
				5AB2CDD31AC41F9600EF0686 /* QRCodeReaderViewController.m in Sources */,
				5A9281571AC5578900C5E0F8 /* AFHTTPRequestOperationManager.m in Sources */,
				5AC4B6661AC3029C0081A8E6 /* CPSafeAppDelegate.m in Sources */,
				5A0401EB1AE137680024E1A5 /* UIImage+GIF.m in Sources */,
				5A92815A1AC5578900C5E0F8 /* AFSecurityPolicy.m in Sources */,
				5AB2CDF31AC503A000EF0686 /* CPSafeAboutus.m in Sources */,
				5AC4B66C1AC3029C0081A8E6 /* CPSafeViewController.m in Sources */,
				5A0401EF1AE137680024E1A5 /* UIImageView+WebCache.m in Sources */,
				5A92815C1AC5578900C5E0F8 /* AFURLRequestSerialization.m in Sources */,
				5A0401EA1AE137680024E1A5 /* UIButton+WebCache.m in Sources */,
				5A0401E61AE137680024E1A5 /* SDWebImageDownloader.m in Sources */,
				5A0401ED1AE137680024E1A5 /* UIImage+WebP.m in Sources */,
				5A0401EC1AE137680024E1A5 /* UIImage+MultiFormat.m in Sources */,
				5A9281591AC5578900C5E0F8 /* AFNetworkReachabilityManager.m in Sources */,
				5AC4B6CF1AC303760081A8E6 /* CPTrace.xcdatamodeld in Sources */,
				5AB2CDEC1AC4F7B100EF0686 /* CPSafeFeedback.m in Sources */,
				5A0401E41AE137680024E1A5 /* SDWebImageCompat.m in Sources */,
				5A0401BE1AE12AB70024E1A5 /* EGORefreshTableHeaderView.m in Sources */,
				5A0401E51AE137680024E1A5 /* SDWebImageDecoder.m in Sources */,
				5A0401E31AE137680024E1A5 /* SDImageCache.m in Sources */,
				5A0401E11AE137680024E1A5 /* MKAnnotationView+WebCache.m in Sources */,
				5AB2CDD21AC41F9600EF0686 /* QRCodeReaderView.m in Sources */,
				5A9281561AC5578900C5E0F8 /* AFHTTPRequestOperation.m in Sources */,
				5AB2CDD11AC41F9600EF0686 /* QRCameraSwitchButton.m in Sources */,
				5A9281581AC5578900C5E0F8 /* AFHTTPSessionManager.m in Sources */,
				5A0401E21AE137680024E1A5 /* NSData+ImageContentType.m in Sources */,
				5A0401EE1AE137680024E1A5 /* UIImageView+HighlightedWebCache.m in Sources */,
				5AC4B6621AC3029C0081A8E6 /* main.m in Sources */,
				5A92815E1AC5578900C5E0F8 /* AFURLSessionManager.m in Sources */,
			);
			runOnlyForDeploymentPostprocessing = 0;
		};
		5AC4B66F1AC3029C0081A8E6 /* Sources */ = {
			isa = PBXSourcesBuildPhase;
			buildActionMask = 2147483647;
			files = (
				5AC4B6811AC3029C0081A8E6 /* CPTraceTests.m in Sources */,
			);
			runOnlyForDeploymentPostprocessing = 0;
		};
/* End PBXSourcesBuildPhase section */

/* Begin PBXTargetDependency section */
		5AC4B6791AC3029C0081A8E6 /* PBXTargetDependency */ = {
			isa = PBXTargetDependency;
			target = 5AC4B6511AC3029C0081A8E6 /* CPTrace */;
			targetProxy = 5AC4B6781AC3029C0081A8E6 /* PBXContainerItemProxy */;
		};
/* End PBXTargetDependency section */

/* Begin PBXVariantGroup section */
		5AC4B65E1AC3029C0081A8E6 /* InfoPlist.strings */ = {
			isa = PBXVariantGroup;
			children = (
				5AC4B65F1AC3029C0081A8E6 /* en */,
			);
			name = InfoPlist.strings;
			sourceTree = "<group>";
		};
		5AC4B6671AC3029C0081A8E6 /* Main.storyboard */ = {
			isa = PBXVariantGroup;
			children = (
				5AC4B6681AC3029C0081A8E6 /* Base */,
			);
			name = Main.storyboard;
			sourceTree = "<group>";
		};
		5AC4B67D1AC3029C0081A8E6 /* InfoPlist.strings */ = {
			isa = PBXVariantGroup;
			children = (
				5AC4B67E1AC3029C0081A8E6 /* en */,
			);
			name = InfoPlist.strings;
			sourceTree = "<group>";
		};
/* End PBXVariantGroup section */

/* Begin XCBuildConfiguration section */
		5AC4B6821AC3029C0081A8E6 /* Debug */ = {
			isa = XCBuildConfiguration;
			buildSettings = {
				ALWAYS_SEARCH_USER_PATHS = NO;
				CLANG_CXX_LANGUAGE_STANDARD = "gnu++0x";
				CLANG_CXX_LIBRARY = "libc++";
				CLANG_ENABLE_MODULES = YES;
				CLANG_ENABLE_OBJC_ARC = YES;
				CLANG_WARN_BOOL_CONVERSION = YES;
				CLANG_WARN_CONSTANT_CONVERSION = YES;
				CLANG_WARN_DIRECT_OBJC_ISA_USAGE = YES_ERROR;
				CLANG_WARN_EMPTY_BODY = YES;
				CLANG_WARN_ENUM_CONVERSION = YES;
				CLANG_WARN_INT_CONVERSION = YES;
				CLANG_WARN_OBJC_ROOT_CLASS = YES_ERROR;
				CLANG_WARN__DUPLICATE_METHOD_MATCH = YES;
				CODE_SIGN_IDENTITY = "iPhone Developer: Pan Kun (2D3T9Y8RYF)";
				"CODE_SIGN_IDENTITY[sdk=iphoneos*]" = "iPhone Developer: Pan Kun (2D3T9Y8RYF)";
				COPY_PHASE_STRIP = NO;
				GCC_C_LANGUAGE_STANDARD = gnu99;
				GCC_DYNAMIC_NO_PIC = NO;
				GCC_OPTIMIZATION_LEVEL = 0;
				GCC_PREPROCESSOR_DEFINITIONS = (
					"DEBUG=1",
					"$(inherited)",
				);
				GCC_SYMBOLS_PRIVATE_EXTERN = NO;
				GCC_WARN_64_TO_32_BIT_CONVERSION = YES;
				GCC_WARN_ABOUT_RETURN_TYPE = YES_ERROR;
				GCC_WARN_UNDECLARED_SELECTOR = YES;
				GCC_WARN_UNINITIALIZED_AUTOS = YES_AGGRESSIVE;
				GCC_WARN_UNUSED_FUNCTION = YES;
				GCC_WARN_UNUSED_VARIABLE = YES;
				IPHONEOS_DEPLOYMENT_TARGET = 7.1;
				ONLY_ACTIVE_ARCH = YES;
				PROVISIONING_PROFILE = "388a5731-7cae-49d1-861a-c2c0c9decda9";
				SDKROOT = iphoneos;
			};
			name = Debug;
		};
		5AC4B6831AC3029C0081A8E6 /* Release */ = {
			isa = XCBuildConfiguration;
			buildSettings = {
				ALWAYS_SEARCH_USER_PATHS = NO;
				CLANG_CXX_LANGUAGE_STANDARD = "gnu++0x";
				CLANG_CXX_LIBRARY = "libc++";
				CLANG_ENABLE_MODULES = YES;
				CLANG_ENABLE_OBJC_ARC = YES;
				CLANG_WARN_BOOL_CONVERSION = YES;
				CLANG_WARN_CONSTANT_CONVERSION = YES;
				CLANG_WARN_DIRECT_OBJC_ISA_USAGE = YES_ERROR;
				CLANG_WARN_EMPTY_BODY = YES;
				CLANG_WARN_ENUM_CONVERSION = YES;
				CLANG_WARN_INT_CONVERSION = YES;
				CLANG_WARN_OBJC_ROOT_CLASS = YES_ERROR;
				CLANG_WARN__DUPLICATE_METHOD_MATCH = YES;
				CODE_SIGN_IDENTITY = "iPhone Developer: Pan Kun (2D3T9Y8RYF)";
				"CODE_SIGN_IDENTITY[sdk=iphoneos*]" = "iPhone Developer: Pan Kun (2D3T9Y8RYF)";
				COPY_PHASE_STRIP = YES;
				ENABLE_NS_ASSERTIONS = NO;
				GCC_C_LANGUAGE_STANDARD = gnu99;
				GCC_WARN_64_TO_32_BIT_CONVERSION = YES;
				GCC_WARN_ABOUT_RETURN_TYPE = YES_ERROR;
				GCC_WARN_UNDECLARED_SELECTOR = YES;
				GCC_WARN_UNINITIALIZED_AUTOS = YES_AGGRESSIVE;
				GCC_WARN_UNUSED_FUNCTION = YES;
				GCC_WARN_UNUSED_VARIABLE = YES;
				IPHONEOS_DEPLOYMENT_TARGET = 7.1;
				PROVISIONING_PROFILE = "388a5731-7cae-49d1-861a-c2c0c9decda9";
				SDKROOT = iphoneos;
				VALIDATE_PRODUCT = YES;
			};
			name = Release;
		};
		5AC4B6851AC3029C0081A8E6 /* Debug */ = {
			isa = XCBuildConfiguration;
			buildSettings = {
				ASSETCATALOG_COMPILER_APPICON_NAME = AppIcon;
				ASSETCATALOG_COMPILER_LAUNCHIMAGE_NAME = LaunchImage;
				CODE_SIGN_IDENTITY = "iPhone Developer: Pan Kun (2D3T9Y8RYF)";
				FRAMEWORK_SEARCH_PATHS = (
					"$(inherited)",
					"/Users/dev1/Desktop/ios-zjd/高德",
				);
				GCC_PRECOMPILE_PREFIX_HEADER = YES;
				GCC_PREFIX_HEADER = "CPTrace/CPTrace-Prefix.pch";
				INFOPLIST_FILE = "CPTrace/CPTrace-Info.plist";
				LIBRARY_SEARCH_PATHS = (
					"$(inherited)",
					"$(PROJECT_DIR)/CPTrace/UMessage_Sdk_1.1.0",
				);
				PRODUCT_NAME = "$(TARGET_NAME)";
				PROVISIONING_PROFILE = "388a5731-7cae-49d1-861a-c2c0c9decda9";
				WRAPPER_EXTENSION = app;
			};
			name = Debug;
		};
		5AC4B6861AC3029C0081A8E6 /* Release */ = {
			isa = XCBuildConfiguration;
			buildSettings = {
				ASSETCATALOG_COMPILER_APPICON_NAME = AppIcon;
				ASSETCATALOG_COMPILER_LAUNCHIMAGE_NAME = LaunchImage;
				CODE_SIGN_IDENTITY = "iPhone Developer: Pan Kun (2D3T9Y8RYF)";
				FRAMEWORK_SEARCH_PATHS = (
					"$(inherited)",
					"/Users/dev1/Desktop/ios-zjd/高德",
				);
				GCC_PRECOMPILE_PREFIX_HEADER = YES;
				GCC_PREFIX_HEADER = "CPTrace/CPTrace-Prefix.pch";
				INFOPLIST_FILE = "CPTrace/CPTrace-Info.plist";
				LIBRARY_SEARCH_PATHS = (
					"$(inherited)",
					"$(PROJECT_DIR)/CPTrace/UMessage_Sdk_1.1.0",
				);
				PRODUCT_NAME = "$(TARGET_NAME)";
				PROVISIONING_PROFILE = "388a5731-7cae-49d1-861a-c2c0c9decda9";
				WRAPPER_EXTENSION = app;
			};
			name = Release;
		};
		5AC4B6881AC3029C0081A8E6 /* Debug */ = {
			isa = XCBuildConfiguration;
			buildSettings = {
				BUNDLE_LOADER = "$(BUILT_PRODUCTS_DIR)/CPTrace.app/CPTrace";
				FRAMEWORK_SEARCH_PATHS = (
					"$(SDKROOT)/Developer/Library/Frameworks",
					"$(inherited)",
					"$(DEVELOPER_FRAMEWORKS_DIR)",
				);
				GCC_PRECOMPILE_PREFIX_HEADER = YES;
				GCC_PREFIX_HEADER = "CPTrace/CPTrace-Prefix.pch";
				GCC_PREPROCESSOR_DEFINITIONS = (
					"DEBUG=1",
					"$(inherited)",
				);
				INFOPLIST_FILE = "CPTraceTests/CPTraceTests-Info.plist";
				PRODUCT_NAME = "$(TARGET_NAME)";
				TEST_HOST = "$(BUNDLE_LOADER)";
				WRAPPER_EXTENSION = xctest;
			};
			name = Debug;
		};
		5AC4B6891AC3029C0081A8E6 /* Release */ = {
			isa = XCBuildConfiguration;
			buildSettings = {
				BUNDLE_LOADER = "$(BUILT_PRODUCTS_DIR)/CPTrace.app/CPTrace";
				FRAMEWORK_SEARCH_PATHS = (
					"$(SDKROOT)/Developer/Library/Frameworks",
					"$(inherited)",
					"$(DEVELOPER_FRAMEWORKS_DIR)",
				);
				GCC_PRECOMPILE_PREFIX_HEADER = YES;
				GCC_PREFIX_HEADER = "CPTrace/CPTrace-Prefix.pch";
				INFOPLIST_FILE = "CPTraceTests/CPTraceTests-Info.plist";
				PRODUCT_NAME = "$(TARGET_NAME)";
				TEST_HOST = "$(BUNDLE_LOADER)";
				WRAPPER_EXTENSION = xctest;
			};
			name = Release;
		};
/* End XCBuildConfiguration section */

/* Begin XCConfigurationList section */
		5AC4B64D1AC3029C0081A8E6 /* Build configuration list for PBXProject "CPTrace" */ = {
			isa = XCConfigurationList;
			buildConfigurations = (
				5AC4B6821AC3029C0081A8E6 /* Debug */,
				5AC4B6831AC3029C0081A8E6 /* Release */,
			);
			defaultConfigurationIsVisible = 0;
			defaultConfigurationName = Release;
		};
		5AC4B6841AC3029C0081A8E6 /* Build configuration list for PBXNativeTarget "CPTrace" */ = {
			isa = XCConfigurationList;
			buildConfigurations = (
				5AC4B6851AC3029C0081A8E6 /* Debug */,
				5AC4B6861AC3029C0081A8E6 /* Release */,
			);
			defaultConfigurationIsVisible = 0;
			defaultConfigurationName = Release;
		};
		5AC4B6871AC3029C0081A8E6 /* Build configuration list for PBXNativeTarget "CPTraceTests" */ = {
			isa = XCConfigurationList;
			buildConfigurations = (
				5AC4B6881AC3029C0081A8E6 /* Debug */,
				5AC4B6891AC3029C0081A8E6 /* Release */,
			);
			defaultConfigurationIsVisible = 0;
			defaultConfigurationName = Release;
		};
/* End XCConfigurationList section */

/* Begin XCVersionGroup section */
		5AC4B6CD1AC303760081A8E6 /* CPTrace.xcdatamodeld */ = {
			isa = XCVersionGroup;
			children = (
				5AB2CDC11AC3DE2C00EF0686 /* CPTrace 2.xcdatamodel */,
				5AC4B6CE1AC303760081A8E6 /* CPTrace.xcdatamodel */,
			);
			currentVersion = 5AC4B6CE1AC303760081A8E6 /* CPTrace.xcdatamodel */;
			path = CPTrace.xcdatamodeld;
			sourceTree = SOURCE_ROOT;
			versionGroupType = wrapper.xcdatamodel;
		};
/* End XCVersionGroup section */
	};
	rootObject = 5AC4B64A1AC3029C0081A8E6 /* Project object */;
}
